// !$*UTF8*$!
{
	archiveVersion = 1;
	classes = {
	};
	objectVersion = 46;
	objects = {

/* Begin PBXBuildFile section */
		85169F841794D7C9007E43ED /* libWeChatSDK.a in Frameworks */ = {isa = PBXBuildFile; fileRef = 85169F801794D7C9007E43ED /* libWeChatSDK.a */; };
		85169F851794D7CA007E43ED /* libWeChatSDK_armv7_armv7s.a in Frameworks */ = {isa = PBXBuildFile; fileRef = 85169F811794D7C9007E43ED /* libWeChatSDK_armv7_armv7s.a */; };
		852C2BFF177977AC005C1121 /* UIKit.framework in Frameworks */ = {isa = PBXBuildFile; fileRef = 852C2BFE177977AC005C1121 /* UIKit.framework */; };
		852C2C01177977AC005C1121 /* Foundation.framework in Frameworks */ = {isa = PBXBuildFile; fileRef = 852C2C00177977AC005C1121 /* Foundation.framework */; };
		852C2C03177977AC005C1121 /* CoreGraphics.framework in Frameworks */ = {isa = PBXBuildFile; fileRef = 852C2C02177977AC005C1121 /* CoreGraphics.framework */; };
		852C2C09177977AC005C1121 /* InfoPlist.strings in Resources */ = {isa = PBXBuildFile; fileRef = 852C2C07177977AC005C1121 /* InfoPlist.strings */; };
		852C2C0B177977AC005C1121 /* main.m in Sources */ = {isa = PBXBuildFile; fileRef = 852C2C0A177977AC005C1121 /* main.m */; };
		852C2C0F177977AC005C1121 /* AppDelegate.mm in Sources */ = {isa = PBXBuildFile; fileRef = 852C2C0E177977AC005C1121 /* AppDelegate.mm */; };
		852C2C11177977AC005C1121 /* Default.png in Resources */ = {isa = PBXBuildFile; fileRef = 852C2C10177977AC005C1121 /* Default.png */; };
		852C2C13177977AC005C1121 /* Default@2x.png in Resources */ = {isa = PBXBuildFile; fileRef = 852C2C12177977AC005C1121 /* Default@2x.png */; };
		852C2C15177977AC005C1121 /* Default-568h@2x.png in Resources */ = {isa = PBXBuildFile; fileRef = 852C2C14177977AC005C1121 /* Default-568h@2x.png */; };
		852C2C18177977AC005C1121 /* MainStoryboard.storyboard in Resources */ = {isa = PBXBuildFile; fileRef = 852C2C16177977AC005C1121 /* MainStoryboard.storyboard */; };
		852C2F6A17798092005C1121 /* libsqlite3.0.dylib in Frameworks */ = {isa = PBXBuildFile; fileRef = 852C2F6917798092005C1121 /* libsqlite3.0.dylib */; };
		852C2F7817798227005C1121 /* JSONKit.m in Sources */ = {isa = PBXBuildFile; fileRef = 852C2F6E17798227005C1121 /* JSONKit.m */; settings = {COMPILER_FLAGS = "-fno-objc-arc"; }; };
		852C2F7917798227005C1121 /* SinaWeibo.bundle in Resources */ = {isa = PBXBuildFile; fileRef = 852C2F7017798227005C1121 /* SinaWeibo.bundle */; };
		852C2F7A17798227005C1121 /* SinaWeibo.m in Sources */ = {isa = PBXBuildFile; fileRef = 852C2F7217798227005C1121 /* SinaWeibo.m */; settings = {COMPILER_FLAGS = "-fno-objc-arc"; }; };
		852C2F7B17798227005C1121 /* SinaWeiboAuthorizeView.m in Sources */ = {isa = PBXBuildFile; fileRef = 852C2F7417798227005C1121 /* SinaWeiboAuthorizeView.m */; settings = {COMPILER_FLAGS = "-fno-objc-arc"; }; };
		852C2F7C17798227005C1121 /* SinaWeiboRequest.m in Sources */ = {isa = PBXBuildFile; fileRef = 852C2F7717798227005C1121 /* SinaWeiboRequest.m */; settings = {COMPILER_FLAGS = "-fno-objc-arc"; }; };
		852C2F8617799206005C1121 /* SNSUtility.m in Sources */ = {isa = PBXBuildFile; fileRef = 852C2F8517799204005C1121 /* SNSUtility.m */; };
		852C2F8B17799B00005C1121 /* RenrenViewController.m in Sources */ = {isa = PBXBuildFile; fileRef = 852C2F8A17799B00005C1121 /* RenrenViewController.m */; };
		8547A350178A579400D0C616 /* MainViewController.m in Sources */ = {isa = PBXBuildFile; fileRef = 8547A34F178A579400D0C616 /* MainViewController.m */; };
		8547A353178A5E0800D0C616 /* RennSDK.framework in Frameworks */ = {isa = PBXBuildFile; fileRef = 8547A351178A5E0800D0C616 /* RennSDK.framework */; };
		8547A354178A5E0800D0C616 /* RennSDK.bundle in Resources */ = {isa = PBXBuildFile; fileRef = 8547A352178A5E0800D0C616 /* RennSDK.bundle */; };
		8548689E178E4E750014DD72 /* Language.strings in Resources */ = {isa = PBXBuildFile; fileRef = 8548681D178E4E750014DD72 /* Language.strings */; };
		8548689F178E4E750014DD72 /* GetIPAddress.m in Sources */ = {isa = PBXBuildFile; fileRef = 85486821178E4E750014DD72 /* GetIPAddress.m */; };
		854868A0178E4E750014DD72 /* comopose#@2x.png in Resources */ = {isa = PBXBuildFile; fileRef = 85486823178E4E750014DD72 /* comopose#@2x.png */; };
		854868A1178E4E750014DD72 /* compose#.png in Resources */ = {isa = PBXBuildFile; fileRef = 85486824178E4E750014DD72 /* compose#.png */; };
		854868A2178E4E750014DD72 /* compose#@2x.png in Resources */ = {isa = PBXBuildFile; fileRef = 85486825178E4E750014DD72 /* compose#@2x.png */; };
		854868A3178E4E750014DD72 /* compose#hover.png in Resources */ = {isa = PBXBuildFile; fileRef = 85486826178E4E750014DD72 /* compose#hover.png */; };
		854868A4178E4E750014DD72 /* compose#hover@2x.png in Resources */ = {isa = PBXBuildFile; fileRef = 85486827178E4E750014DD72 /* compose#hover@2x.png */; };
		854868A5178E4E750014DD72 /* composeAt.png in Resources */ = {isa = PBXBuildFile; fileRef = 85486828178E4E750014DD72 /* composeAt.png */; };
		854868A6178E4E750014DD72 /* composeAt@2x.png in Resources */ = {isa = PBXBuildFile; fileRef = 85486829178E4E750014DD72 /* composeAt@2x.png */; };
		854868A7178E4E750014DD72 /* composeAthover.png in Resources */ = {isa = PBXBuildFile; fileRef = 8548682A178E4E750014DD72 /* composeAthover.png */; };
		854868A8178E4E750014DD72 /* composeAthover@2x.png in Resources */ = {isa = PBXBuildFile; fileRef = 8548682B178E4E750014DD72 /* composeAthover@2x.png */; };
		854868A9178E4E750014DD72 /* composeCameraEnable.png in Resources */ = {isa = PBXBuildFile; fileRef = 8548682C178E4E750014DD72 /* composeCameraEnable.png */; };
		854868AA178E4E750014DD72 /* composeCameraEnable@2x.png in Resources */ = {isa = PBXBuildFile; fileRef = 8548682D178E4E750014DD72 /* composeCameraEnable@2x.png */; };
		854868AB178E4E750014DD72 /* composeCamerahover.png in Resources */ = {isa = PBXBuildFile; fileRef = 8548682E178E4E750014DD72 /* composeCamerahover.png */; };
		854868AC178E4E750014DD72 /* composeCamerahover@2x.png in Resources */ = {isa = PBXBuildFile; fileRef = 8548682F178E4E750014DD72 /* composeCamerahover@2x.png */; };
		854868AD178E4E750014DD72 /* composedingwei.png in Resources */ = {isa = PBXBuildFile; fileRef = 85486830178E4E750014DD72 /* composedingwei.png */; };
		854868AE178E4E750014DD72 /* composedingwei@2x.png in Resources */ = {isa = PBXBuildFile; fileRef = 85486831178E4E750014DD72 /* composedingwei@2x.png */; };
		854868AF178E4E750014DD72 /* composedingweihover.png in Resources */ = {isa = PBXBuildFile; fileRef = 85486832178E4E750014DD72 /* composedingweihover.png */; };
		854868B0178E4E750014DD72 /* composedingweihover@2x.png in Resources */ = {isa = PBXBuildFile; fileRef = 85486833178E4E750014DD72 /* composedingweihover@2x.png */; };
		854868B1178E4E750014DD72 /* composeEmotionBg.png in Resources */ = {isa = PBXBuildFile; fileRef = 85486834178E4E750014DD72 /* composeEmotionBg.png */; };
		854868B2178E4E750014DD72 /* composeEmotionBg@2x.png in Resources */ = {isa = PBXBuildFile; fileRef = 85486835178E4E750014DD72 /* composeEmotionBg@2x.png */; };
		854868B3178E4E750014DD72 /* composehuatiinput.png in Resources */ = {isa = PBXBuildFile; fileRef = 85486836178E4E750014DD72 /* composehuatiinput.png */; };
		854868B4178E4E750014DD72 /* composehuatiinput@2x.png in Resources */ = {isa = PBXBuildFile; fileRef = 85486837178E4E750014DD72 /* composehuatiinput@2x.png */; };
		854868B5178E4E750014DD72 /* composeiconbg.png in Resources */ = {isa = PBXBuildFile; fileRef = 85486838178E4E750014DD72 /* composeiconbg.png */; };
		854868B6178E4E750014DD72 /* composeiconbg@2x.png in Resources */ = {isa = PBXBuildFile; fileRef = 85486839178E4E750014DD72 /* composeiconbg@2x.png */; };
		854868B7178E4E750014DD72 /* composeImageDel.png in Resources */ = {isa = PBXBuildFile; fileRef = 8548683A178E4E750014DD72 /* composeImageDel.png */; };
		854868B8178E4E750014DD72 /* composeImageDel@2x.png in Resources */ = {isa = PBXBuildFile; fileRef = 8548683B178E4E750014DD72 /* composeImageDel@2x.png */; };
		854868B9178E4E750014DD72 /* composeImageFrame.png in Resources */ = {isa = PBXBuildFile; fileRef = 8548683C178E4E750014DD72 /* composeImageFrame.png */; };
		854868BA178E4E750014DD72 /* composeImageFrame@2x.png in Resources */ = {isa = PBXBuildFile; fileRef = 8548683D178E4E750014DD72 /* composeImageFrame@2x.png */; };
		854868BB178E4E750014DD72 /* composeloadingbtn.png in Resources */ = {isa = PBXBuildFile; fileRef = 8548683E178E4E750014DD72 /* composeloadingbtn.png */; };
		854868BC178E4E750014DD72 /* composeloadingbtn@2x.png in Resources */ = {isa = PBXBuildFile; fileRef = 8548683F178E4E750014DD72 /* composeloadingbtn@2x.png */; };
		854868BD178E4E750014DD72 /* composepic_biankuang.png in Resources */ = {isa = PBXBuildFile; fileRef = 85486840178E4E750014DD72 /* composepic_biankuang.png */; };
		854868BE178E4E750014DD72 /* composepic_biankuang@2x.png in Resources */ = {isa = PBXBuildFile; fileRef = 85486841178E4E750014DD72 /* composepic_biankuang@2x.png */; };
		854868BF178E4E750014DD72 /* composequxiaobtn.png in Resources */ = {isa = PBXBuildFile; fileRef = 85486842178E4E750014DD72 /* composequxiaobtn.png */; };
		854868C0178E4E750014DD72 /* composequxiaobtn@2x.png in Resources */ = {isa = PBXBuildFile; fileRef = 85486843178E4E750014DD72 /* composequxiaobtn@2x.png */; };
		854868C1178E4E750014DD72 /* composereturnbtn.png in Resources */ = {isa = PBXBuildFile; fileRef = 85486844178E4E750014DD72 /* composereturnbtn.png */; };
		854868C2178E4E750014DD72 /* composereturnbtn@2x.png in Resources */ = {isa = PBXBuildFile; fileRef = 85486845178E4E750014DD72 /* composereturnbtn@2x.png */; };
		854868C3178E4E750014DD72 /* composesentbtn.png in Resources */ = {isa = PBXBuildFile; fileRef = 85486846178E4E750014DD72 /* composesentbtn.png */; };
		854868C4178E4E750014DD72 /* composesentbtn@2x.png in Resources */ = {isa = PBXBuildFile; fileRef = 85486847178E4E750014DD72 /* composesentbtn@2x.png */; };
		854868C5178E4E750014DD72 /* composesentbtnhover.png in Resources */ = {isa = PBXBuildFile; fileRef = 85486848178E4E750014DD72 /* composesentbtnhover.png */; };
		854868C6178E4E750014DD72 /* composesentbtnhover@2x.png in Resources */ = {isa = PBXBuildFile; fileRef = 85486849178E4E750014DD72 /* composesentbtnhover@2x.png */; };
		854868C7178E4E750014DD72 /* composeupbg.png in Resources */ = {isa = PBXBuildFile; fileRef = 8548684A178E4E750014DD72 /* composeupbg.png */; };
		854868C8178E4E750014DD72 /* composeupbg@2x.png in Resources */ = {isa = PBXBuildFile; fileRef = 8548684B178E4E750014DD72 /* composeupbg@2x.png */; };
		854868C9178E4E750014DD72 /* composevideo_pic.png in Resources */ = {isa = PBXBuildFile; fileRef = 8548684C178E4E750014DD72 /* composevideo_pic.png */; };
		854868CA178E4E750014DD72 /* composevideo_pic@2x.png in Resources */ = {isa = PBXBuildFile; fileRef = 8548684D178E4E750014DD72 /* composevideo_pic@2x.png */; };
		854868CB178E4E750014DD72 /* composeWords.png in Resources */ = {isa = PBXBuildFile; fileRef = 8548684E178E4E750014DD72 /* composeWords.png */; };
		854868CC178E4E750014DD72 /* composeWords@2x.png in Resources */ = {isa = PBXBuildFile; fileRef = 8548684F178E4E750014DD72 /* composeWords@2x.png */; };
		854868CD178E4E750014DD72 /* friendPortrait.png in Resources */ = {isa = PBXBuildFile; fileRef = 85486850178E4E750014DD72 /* friendPortrait.png */; };
		854868CE178E4E750014DD72 /* friendPortrait@2x.png in Resources */ = {isa = PBXBuildFile; fileRef = 85486851178E4E750014DD72 /* friendPortrait@2x.png */; };
		854868CF178E4E750014DD72 /* netError.png in Resources */ = {isa = PBXBuildFile; fileRef = 85486852178E4E750014DD72 /* netError.png */; };
		854868D0178E4E750014DD72 /* netError@2x.png in Resources */ = {isa = PBXBuildFile; fileRef = 85486853178E4E750014DD72 /* netError@2x.png */; };
		854868D1178E4E750014DD72 /* repeatVideoStarticon.png in Resources */ = {isa = PBXBuildFile; fileRef = 85486854178E4E750014DD72 /* repeatVideoStarticon.png */; };
		854868D2178E4E750014DD72 /* repeatVideoStarticon@2x.png in Resources */ = {isa = PBXBuildFile; fileRef = 85486855178E4E750014DD72 /* repeatVideoStarticon@2x.png */; };
		854868D3178E4E750014DD72 /* separatorLine.png in Resources */ = {isa = PBXBuildFile; fileRef = 85486856178E4E750014DD72 /* separatorLine.png */; };
		854868D4178E4E750014DD72 /* separatorLine@2x.png in Resources */ = {isa = PBXBuildFile; fileRef = 85486857178E4E750014DD72 /* separatorLine@2x.png */; };
		854868D5178E4E750014DD72 /* test.png in Resources */ = {isa = PBXBuildFile; fileRef = 85486858178E4E750014DD72 /* test.png */; };
		854868D6178E4E750014DD72 /* test@2x.png in Resources */ = {isa = PBXBuildFile; fileRef = 85486859178E4E750014DD72 /* test@2x.png */; };
		854868D7178E4E750014DD72 /* ImageDownloader.m in Sources */ = {isa = PBXBuildFile; fileRef = 8548685B178E4E750014DD72 /* ImageDownloader.m */; settings = {COMPILER_FLAGS = "-fno-objc-arc"; }; };
		854868D8178E4E750014DD72 /* TCWBRepeatViewController.m in Sources */ = {isa = PBXBuildFile; fileRef = 8548685E178E4E750014DD72 /* TCWBRepeatViewController.m */; settings = {COMPILER_FLAGS = "-fno-objc-arc"; }; };
		854868D9178E4E750014DD72 /* AttachedPictureCtrlView.m in Sources */ = {isa = PBXBuildFile; fileRef = 85486861178E4E750014DD72 /* AttachedPictureCtrlView.m */; settings = {COMPILER_FLAGS = "-fno-objc-arc"; }; };
		854868DA178E4E750014DD72 /* AttachedPictureView.m in Sources */ = {isa = PBXBuildFile; fileRef = 85486863178E4E750014DD72 /* AttachedPictureView.m */; settings = {COMPILER_FLAGS = "-fno-objc-arc"; }; };
		854868DB178E4E750014DD72 /* contractibleImageView.m in Sources */ = {isa = PBXBuildFile; fileRef = 85486865178E4E750014DD72 /* contractibleImageView.m */; settings = {COMPILER_FLAGS = "-fno-objc-arc"; }; };
		854868DC178E4E750014DD72 /* FileStreame.m in Sources */ = {isa = PBXBuildFile; fileRef = 85486867178E4E750014DD72 /* FileStreame.m */; settings = {COMPILER_FLAGS = "-fno-objc-arc"; }; };
		854868DD178E4E750014DD72 /* pinyin.c in Sources */ = {isa = PBXBuildFile; fileRef = 85486869178E4E750014DD72 /* pinyin.c */; settings = {COMPILER_FLAGS = "-fno-objc-arc"; }; };
		854868DE178E4E750014DD72 /* Reachability.m in Sources */ = {isa = PBXBuildFile; fileRef = 8548686C178E4E750014DD72 /* Reachability.m */; settings = {COMPILER_FLAGS = "-fno-objc-arc"; }; };
		854868DF178E4E750014DD72 /* RegexKitLite.m in Sources */ = {isa = PBXBuildFile; fileRef = 8548686E178E4E750014DD72 /* RegexKitLite.m */; settings = {COMPILER_FLAGS = "-fno-objc-arc"; }; };
		854868E0178E4E750014DD72 /* TCWBFriendViewController.m in Sources */ = {isa = PBXBuildFile; fileRef = 85486870178E4E750014DD72 /* TCWBFriendViewController.m */; settings = {COMPILER_FLAGS = "-fno-objc-arc"; }; };
		854868E1178E4E750014DD72 /* TCWBRebroadcastMsgViewController.m in Sources */ = {isa = PBXBuildFile; fileRef = 85486872178E4E750014DD72 /* TCWBRebroadcastMsgViewController.m */; settings = {COMPILER_FLAGS = "-fno-objc-arc"; }; };
		854868E2178E4E750014DD72 /* TCWBTopicViewController.m in Sources */ = {isa = PBXBuildFile; fileRef = 85486874178E4E750014DD72 /* TCWBTopicViewController.m */; settings = {COMPILER_FLAGS = "-fno-objc-arc"; }; };
		854868E3178E4E750014DD72 /* UIImage+rotate.m in Sources */ = {isa = PBXBuildFile; fileRef = 85486876178E4E750014DD72 /* UIImage+rotate.m */; settings = {COMPILER_FLAGS = "-fno-objc-arc"; }; };
		854868E4178E4E750014DD72 /* UINoteView.m in Sources */ = {isa = PBXBuildFile; fileRef = 85486878178E4E750014DD72 /* UINoteView.m */; settings = {COMPILER_FLAGS = "-fno-objc-arc"; }; };
		854868E5178E4E750014DD72 /* UITableViewFriendCell.m in Sources */ = {isa = PBXBuildFile; fileRef = 8548687A178E4E750014DD72 /* UITableViewFriendCell.m */; settings = {COMPILER_FLAGS = "-fno-objc-arc"; }; };
		854868E6178E4E750014DD72 /* UIWaitingView.m in Sources */ = {isa = PBXBuildFile; fileRef = 8548687C178E4E750014DD72 /* UIWaitingView.m */; settings = {COMPILER_FLAGS = "-fno-objc-arc"; }; };
		854868E7178E4E750014DD72 /* WordsLeftView.m in Sources */ = {isa = PBXBuildFile; fileRef = 8548687E178E4E750014DD72 /* WordsLeftView.m */; settings = {COMPILER_FLAGS = "-fno-objc-arc"; }; };
		854868EE178E4E750014DD72 /* SFHFKeychainUtils.m in Sources */ = {isa = PBXBuildFile; fileRef = 8548688F178E4E750014DD72 /* SFHFKeychainUtils.m */; settings = {COMPILER_FLAGS = "-fno-objc-arc"; }; };
		854868EF178E4E750014DD72 /* AuthorizeDelegate.m in Sources */ = {isa = PBXBuildFile; fileRef = 85486892178E4E750014DD72 /* AuthorizeDelegate.m */; settings = {COMPILER_FLAGS = "-fno-objc-arc"; }; };
		854868F0178E4E750014DD72 /* NSObject+WBUtil.m in Sources */ = {isa = PBXBuildFile; fileRef = 85486894178E4E750014DD72 /* NSObject+WBUtil.m */; settings = {COMPILER_FLAGS = "-fno-objc-arc"; }; };
		854868F1178E4E750014DD72 /* TCWBAuthorizeViewController.m in Sources */ = {isa = PBXBuildFile; fileRef = 85486896178E4E750014DD72 /* TCWBAuthorizeViewController.m */; settings = {COMPILER_FLAGS = "-fno-objc-arc"; }; };
		854868F2178E4E750014DD72 /* TCWBEngine.m in Sources */ = {isa = PBXBuildFile; fileRef = 85486898178E4E750014DD72 /* TCWBEngine.m */; settings = {COMPILER_FLAGS = "-fno-objc-arc"; }; };
		854868F3178E4E750014DD72 /* TCWBRequest.m in Sources */ = {isa = PBXBuildFile; fileRef = 8548689B178E4E750014DD72 /* TCWBRequest.m */; settings = {COMPILER_FLAGS = "-fno-objc-arc"; }; };
		854868FC178E4FC90014DD72 /* CoreLocation.framework in Frameworks */ = {isa = PBXBuildFile; fileRef = 854868F4178E4F170014DD72 /* CoreLocation.framework */; };
		854868FD178E4FCE0014DD72 /* Security.framework in Frameworks */ = {isa = PBXBuildFile; fileRef = 854868FA178E4FB60014DD72 /* Security.framework */; };
		854868FE178E4FD50014DD72 /* SystemConfiguration.framework in Frameworks */ = {isa = PBXBuildFile; fileRef = 854868F6178E4F3D0014DD72 /* SystemConfiguration.framework */; };
		854868FF178E4FDD0014DD72 /* libicucore.dylib in Frameworks */ = {isa = PBXBuildFile; fileRef = 854868F8178E4F830014DD72 /* libicucore.dylib */; };
		85486902178E62470014DD72 /* TencentWeiboViewController.m in Sources */ = {isa = PBXBuildFile; fileRef = 85486901178E62450014DD72 /* TencentWeiboViewController.m */; };
		855082FD178A93EE007BACB3 /* FileManager.m in Sources */ = {isa = PBXBuildFile; fileRef = 855082FC178A93EE007BACB3 /* FileManager.m */; };
		85508301178A9DB6007BACB3 /* HttpManager.m in Sources */ = {isa = PBXBuildFile; fileRef = 85508300178A9DB6007BACB3 /* HttpManager.m */; };
		85508304178AA530007BACB3 /* HttpRequest.m in Sources */ = {isa = PBXBuildFile; fileRef = 85508303178AA530007BACB3 /* HttpRequest.m */; };
		85508307178ACBC1007BACB3 /* NZNotificationCenter.m in Sources */ = {isa = PBXBuildFile; fileRef = 85508306178ACBC1007BACB3 /* NZNotificationCenter.m */; };
		85556303178BFF7B007DB8C7 /* Feed.m in Sources */ = {isa = PBXBuildFile; fileRef = 85556302178BFF7B007DB8C7 /* Feed.m */; };
		85556306178BFF7C007DB8C7 /* Comments.m in Sources */ = {isa = PBXBuildFile; fileRef = 85556305178BFF7C007DB8C7 /* Comments.m */; };
		85556309178BFF7C007DB8C7 /* User.m in Sources */ = {isa = PBXBuildFile; fileRef = 85556308178BFF7C007DB8C7 /* User.m */; };
		8588A8AA178FA96900191931 /* libbaidumapapi.a in Frameworks */ = {isa = PBXBuildFile; fileRef = 8588A8A7178FA96900191931 /* libbaidumapapi.a */; };
		8588A8AB178FA96900191931 /* mapapi.bundle in Resources */ = {isa = PBXBuildFile; fileRef = 8588A8A8178FA96900191931 /* mapapi.bundle */; };
		8588A8AF178FABC200191931 /* OpenGLES.framework in Frameworks */ = {isa = PBXBuildFile; fileRef = 8588A8AD178FAB9F00191931 /* OpenGLES.framework */; };
		858EE5EC177A92F4000FF384 /* WeiboViewController.m in Sources */ = {isa = PBXBuildFile; fileRef = 858EE5EB177A92F4000FF384 /* WeiboViewController.m */; };
		858EE5EF177AAECB000FF384 /* WeChatViewController.m in Sources */ = {isa = PBXBuildFile; fileRef = 858EE5EE177AAECA000FF384 /* WeChatViewController.m */; };
		85DA82A0178BB21D00FCD1A2 /* LocalModel.xcdatamodeld in Sources */ = {isa = PBXBuildFile; fileRef = 85DA829E178BB21D00FCD1A2 /* LocalModel.xcdatamodeld */; };
		85DA82A8178BB9DB00FCD1A2 /* BasicViewController.m in Sources */ = {isa = PBXBuildFile; fileRef = 85DA82A7178BB9DB00FCD1A2 /* BasicViewController.m */; };
		85DA82BD178BD80900FCD1A2 /* DataController.m in Sources */ = {isa = PBXBuildFile; fileRef = 85DA82BC178BD80900FCD1A2 /* DataController.m */; };
		85DA82C0178BDB5900FCD1A2 /* CoreData.framework in Frameworks */ = {isa = PBXBuildFile; fileRef = 85DA82BE178BDB2C00FCD1A2 /* CoreData.framework */; };
		85DF3F70177D8FA700DC0A7B /* RenrenNewsCell.m in Sources */ = {isa = PBXBuildFile; fileRef = 85DF3F6F177D8FA700DC0A7B /* RenrenNewsCell.m */; };
		85DF3F74177D980100DC0A7B /* WeiboNewsCell.m in Sources */ = {isa = PBXBuildFile; fileRef = 85DF3F73177D980100DC0A7B /* WeiboNewsCell.m */; };
		85FC7D21178D4E570069621C /* QuartzCore.framework in Frameworks */ = {isa = PBXBuildFile; fileRef = 85FC7D1F178D4E4A0069621C /* QuartzCore.framework */; };
		85FC7D24178D5B960069621C /* DetailInfoViewController.mm in Sources */ = {isa = PBXBuildFile; fileRef = 85FC7D23178D5B960069621C /* DetailInfoViewController.mm */; };
		85FC7D2B178D67E90069621C /* SNSNewsCellView.m in Sources */ = {isa = PBXBuildFile; fileRef = 85FC7D2A178D67E80069621C /* SNSNewsCellView.m */; };
		85FC7D2E178D681C0069621C /* NewsCacheElement.m in Sources */ = {isa = PBXBuildFile; fileRef = 85FC7D2D178D681B0069621C /* NewsCacheElement.m */; };
/* End PBXBuildFile section */

/* Begin PBXFileReference section */
		85122910178D06ED0013B6C8 /* SNSCellDelegate.h */ = {isa = PBXFileReference; lastKnownFileType = sourcecode.c.h; name = SNSCellDelegate.h; path = UI/Cell/SNSCellDelegate.h; sourceTree = "<group>"; };
		85169F801794D7C9007E43ED /* libWeChatSDK.a */ = {isa = PBXFileReference; lastKnownFileType = archive.ar; path = libWeChatSDK.a; sourceTree = "<group>"; };
		85169F811794D7C9007E43ED /* libWeChatSDK_armv7_armv7s.a */ = {isa = PBXFileReference; lastKnownFileType = archive.ar; path = libWeChatSDK_armv7_armv7s.a; sourceTree = "<group>"; };
		85169F821794D7C9007E43ED /* WXApi.h */ = {isa = PBXFileReference; fileEncoding = 4; lastKnownFileType = sourcecode.c.h; path = WXApi.h; sourceTree = "<group>"; };
		85169F831794D7C9007E43ED /* WXApiObject.h */ = {isa = PBXFileReference; fileEncoding = 4; lastKnownFileType = sourcecode.c.h; path = WXApiObject.h; sourceTree = "<group>"; };
		852C2BFB177977AC005C1121 /* SNSBigBang.app */ = {isa = PBXFileReference; explicitFileType = wrapper.application; includeInIndex = 0; path = SNSBigBang.app; sourceTree = BUILT_PRODUCTS_DIR; };
		852C2BFE177977AC005C1121 /* UIKit.framework */ = {isa = PBXFileReference; lastKnownFileType = wrapper.framework; name = UIKit.framework; path = System/Library/Frameworks/UIKit.framework; sourceTree = SDKROOT; };
		852C2C00177977AC005C1121 /* Foundation.framework */ = {isa = PBXFileReference; lastKnownFileType = wrapper.framework; name = Foundation.framework; path = System/Library/Frameworks/Foundation.framework; sourceTree = SDKROOT; };
		852C2C02177977AC005C1121 /* CoreGraphics.framework */ = {isa = PBXFileReference; lastKnownFileType = wrapper.framework; name = CoreGraphics.framework; path = System/Library/Frameworks/CoreGraphics.framework; sourceTree = SDKROOT; };
		852C2C06177977AC005C1121 /* SNSBigBang-Info.plist */ = {isa = PBXFileReference; lastKnownFileType = text.plist.xml; path = "SNSBigBang-Info.plist"; sourceTree = "<group>"; };
		852C2C08177977AC005C1121 /* en */ = {isa = PBXFileReference; lastKnownFileType = text.plist.strings; name = en; path = en.lproj/InfoPlist.strings; sourceTree = "<group>"; };
		852C2C0A177977AC005C1121 /* main.m */ = {isa = PBXFileReference; lastKnownFileType = sourcecode.c.objc; path = main.m; sourceTree = "<group>"; };
		852C2C0C177977AC005C1121 /* SNSBigBang-Prefix.pch */ = {isa = PBXFileReference; lastKnownFileType = sourcecode.c.h; path = "SNSBigBang-Prefix.pch"; sourceTree = "<group>"; };
		852C2C0D177977AC005C1121 /* AppDelegate.h */ = {isa = PBXFileReference; lastKnownFileType = sourcecode.c.h; path = AppDelegate.h; sourceTree = "<group>"; };
		852C2C0E177977AC005C1121 /* AppDelegate.mm */ = {isa = PBXFileReference; lastKnownFileType = sourcecode.cpp.objcpp; path = AppDelegate.mm; sourceTree = "<group>"; };
		852C2C10177977AC005C1121 /* Default.png */ = {isa = PBXFileReference; lastKnownFileType = image.png; path = Default.png; sourceTree = "<group>"; };
		852C2C12177977AC005C1121 /* Default@2x.png */ = {isa = PBXFileReference; lastKnownFileType = image.png; path = "Default@2x.png"; sourceTree = "<group>"; };
		852C2C14177977AC005C1121 /* Default-568h@2x.png */ = {isa = PBXFileReference; lastKnownFileType = image.png; path = "Default-568h@2x.png"; sourceTree = "<group>"; };
		852C2C17177977AC005C1121 /* en */ = {isa = PBXFileReference; lastKnownFileType = file.storyboard; name = en; path = en.lproj/MainStoryboard.storyboard; sourceTree = "<group>"; };
		852C2F6917798092005C1121 /* libsqlite3.0.dylib */ = {isa = PBXFileReference; lastKnownFileType = "compiled.mach-o.dylib"; name = libsqlite3.0.dylib; path = usr/lib/libsqlite3.0.dylib; sourceTree = SDKROOT; };
		852C2F6D17798227005C1121 /* JSONKit.h */ = {isa = PBXFileReference; fileEncoding = 4; lastKnownFileType = sourcecode.c.h; path = JSONKit.h; sourceTree = "<group>"; };
		852C2F6E17798227005C1121 /* JSONKit.m */ = {isa = PBXFileReference; fileEncoding = 4; lastKnownFileType = sourcecode.c.objc; path = JSONKit.m; sourceTree = "<group>"; };
		852C2F7017798227005C1121 /* SinaWeibo.bundle */ = {isa = PBXFileReference; lastKnownFileType = "wrapper.plug-in"; path = SinaWeibo.bundle; sourceTree = "<group>"; };
		852C2F7117798227005C1121 /* SinaWeibo.h */ = {isa = PBXFileReference; fileEncoding = 4; lastKnownFileType = sourcecode.c.h; path = SinaWeibo.h; sourceTree = "<group>"; };
		852C2F7217798227005C1121 /* SinaWeibo.m */ = {isa = PBXFileReference; fileEncoding = 4; lastKnownFileType = sourcecode.c.objc; path = SinaWeibo.m; sourceTree = "<group>"; };
		852C2F7317798227005C1121 /* SinaWeiboAuthorizeView.h */ = {isa = PBXFileReference; fileEncoding = 4; lastKnownFileType = sourcecode.c.h; path = SinaWeiboAuthorizeView.h; sourceTree = "<group>"; };
		852C2F7417798227005C1121 /* SinaWeiboAuthorizeView.m */ = {isa = PBXFileReference; fileEncoding = 4; lastKnownFileType = sourcecode.c.objc; path = SinaWeiboAuthorizeView.m; sourceTree = "<group>"; };
		852C2F7517798227005C1121 /* SinaWeiboConstants.h */ = {isa = PBXFileReference; fileEncoding = 4; lastKnownFileType = sourcecode.c.h; path = SinaWeiboConstants.h; sourceTree = "<group>"; };
		852C2F7617798227005C1121 /* SinaWeiboRequest.h */ = {isa = PBXFileReference; fileEncoding = 4; lastKnownFileType = sourcecode.c.h; path = SinaWeiboRequest.h; sourceTree = "<group>"; };
		852C2F7717798227005C1121 /* SinaWeiboRequest.m */ = {isa = PBXFileReference; fileEncoding = 4; lastKnownFileType = sourcecode.c.objc; path = SinaWeiboRequest.m; sourceTree = "<group>"; };
		852C2F8417799203005C1121 /* SNSUtility.h */ = {isa = PBXFileReference; fileEncoding = 4; lastKnownFileType = sourcecode.c.h; path = SNSUtility.h; sourceTree = "<group>"; };
		852C2F8517799204005C1121 /* SNSUtility.m */ = {isa = PBXFileReference; fileEncoding = 4; lastKnownFileType = sourcecode.c.objc; path = SNSUtility.m; sourceTree = "<group>"; };
		852C2F8917799B00005C1121 /* RenrenViewController.h */ = {isa = PBXFileReference; fileEncoding = 4; lastKnownFileType = sourcecode.c.h; name = RenrenViewController.h; path = UI/RenrenViewController.h; sourceTree = "<group>"; };
		852C2F8A17799B00005C1121 /* RenrenViewController.m */ = {isa = PBXFileReference; fileEncoding = 4; lastKnownFileType = sourcecode.c.objc; name = RenrenViewController.m; path = UI/RenrenViewController.m; sourceTree = "<group>"; };
		8547A34E178A579400D0C616 /* MainViewController.h */ = {isa = PBXFileReference; fileEncoding = 4; lastKnownFileType = sourcecode.c.h; path = MainViewController.h; sourceTree = "<group>"; };
		8547A34F178A579400D0C616 /* MainViewController.m */ = {isa = PBXFileReference; fileEncoding = 4; lastKnownFileType = sourcecode.c.objc; path = MainViewController.m; sourceTree = "<group>"; };
		8547A351178A5E0800D0C616 /* RennSDK.framework */ = {isa = PBXFileReference; lastKnownFileType = wrapper.framework; path = RennSDK.framework; sourceTree = "<group>"; };
		8547A352178A5E0800D0C616 /* RennSDK.bundle */ = {isa = PBXFileReference; lastKnownFileType = "wrapper.plug-in"; path = RennSDK.bundle; sourceTree = "<group>"; };
		8548681E178E4E750014DD72 /* en */ = {isa = PBXFileReference; lastKnownFileType = text.plist.strings; name = en; path = en.lproj/Language.strings; sourceTree = "<group>"; };
		85486820178E4E750014DD72 /* GetIPAddress.h */ = {isa = PBXFileReference; fileEncoding = 4; lastKnownFileType = sourcecode.c.h; path = GetIPAddress.h; sourceTree = "<group>"; };
		85486821178E4E750014DD72 /* GetIPAddress.m */ = {isa = PBXFileReference; fileEncoding = 4; lastKnownFileType = sourcecode.c.objc; path = GetIPAddress.m; sourceTree = "<group>"; };
		85486823178E4E750014DD72 /* comopose#@2x.png */ = {isa = PBXFileReference; lastKnownFileType = image.png; path = "comopose#@2x.png"; sourceTree = "<group>"; };
		85486824178E4E750014DD72 /* compose#.png */ = {isa = PBXFileReference; lastKnownFileType = image.png; path = "compose#.png"; sourceTree = "<group>"; };
		85486825178E4E750014DD72 /* compose#@2x.png */ = {isa = PBXFileReference; lastKnownFileType = image.png; path = "compose#@2x.png"; sourceTree = "<group>"; };
		85486826178E4E750014DD72 /* compose#hover.png */ = {isa = PBXFileReference; lastKnownFileType = image.png; path = "compose#hover.png"; sourceTree = "<group>"; };
		85486827178E4E750014DD72 /* compose#hover@2x.png */ = {isa = PBXFileReference; lastKnownFileType = image.png; path = "compose#hover@2x.png"; sourceTree = "<group>"; };
		85486828178E4E750014DD72 /* composeAt.png */ = {isa = PBXFileReference; lastKnownFileType = image.png; path = composeAt.png; sourceTree = "<group>"; };
		85486829178E4E750014DD72 /* composeAt@2x.png */ = {isa = PBXFileReference; lastKnownFileType = image.png; path = "composeAt@2x.png"; sourceTree = "<group>"; };
		8548682A178E4E750014DD72 /* composeAthover.png */ = {isa = PBXFileReference; lastKnownFileType = image.png; path = composeAthover.png; sourceTree = "<group>"; };
		8548682B178E4E750014DD72 /* composeAthover@2x.png */ = {isa = PBXFileReference; lastKnownFileType = image.png; path = "composeAthover@2x.png"; sourceTree = "<group>"; };
		8548682C178E4E750014DD72 /* composeCameraEnable.png */ = {isa = PBXFileReference; lastKnownFileType = image.png; path = composeCameraEnable.png; sourceTree = "<group>"; };
		8548682D178E4E750014DD72 /* composeCameraEnable@2x.png */ = {isa = PBXFileReference; lastKnownFileType = image.png; path = "composeCameraEnable@2x.png"; sourceTree = "<group>"; };
		8548682E178E4E750014DD72 /* composeCamerahover.png */ = {isa = PBXFileReference; lastKnownFileType = image.png; path = composeCamerahover.png; sourceTree = "<group>"; };
		8548682F178E4E750014DD72 /* composeCamerahover@2x.png */ = {isa = PBXFileReference; lastKnownFileType = image.png; path = "composeCamerahover@2x.png"; sourceTree = "<group>"; };
		85486830178E4E750014DD72 /* composedingwei.png */ = {isa = PBXFileReference; lastKnownFileType = image.png; path = composedingwei.png; sourceTree = "<group>"; };
		85486831178E4E750014DD72 /* composedingwei@2x.png */ = {isa = PBXFileReference; lastKnownFileType = image.png; path = "composedingwei@2x.png"; sourceTree = "<group>"; };
		85486832178E4E750014DD72 /* composedingweihover.png */ = {isa = PBXFileReference; lastKnownFileType = image.png; path = composedingweihover.png; sourceTree = "<group>"; };
		85486833178E4E750014DD72 /* composedingweihover@2x.png */ = {isa = PBXFileReference; lastKnownFileType = image.png; path = "composedingweihover@2x.png"; sourceTree = "<group>"; };
		85486834178E4E750014DD72 /* composeEmotionBg.png */ = {isa = PBXFileReference; lastKnownFileType = image.png; path = composeEmotionBg.png; sourceTree = "<group>"; };
		85486835178E4E750014DD72 /* composeEmotionBg@2x.png */ = {isa = PBXFileReference; lastKnownFileType = image.png; path = "composeEmotionBg@2x.png"; sourceTree = "<group>"; };
		85486836178E4E750014DD72 /* composehuatiinput.png */ = {isa = PBXFileReference; lastKnownFileType = image.png; path = composehuatiinput.png; sourceTree = "<group>"; };
		85486837178E4E750014DD72 /* composehuatiinput@2x.png */ = {isa = PBXFileReference; lastKnownFileType = image.png; path = "composehuatiinput@2x.png"; sourceTree = "<group>"; };
		85486838178E4E750014DD72 /* composeiconbg.png */ = {isa = PBXFileReference; lastKnownFileType = image.png; path = composeiconbg.png; sourceTree = "<group>"; };
		85486839178E4E750014DD72 /* composeiconbg@2x.png */ = {isa = PBXFileReference; lastKnownFileType = image.png; path = "composeiconbg@2x.png"; sourceTree = "<group>"; };
		8548683A178E4E750014DD72 /* composeImageDel.png */ = {isa = PBXFileReference; lastKnownFileType = image.png; path = composeImageDel.png; sourceTree = "<group>"; };
		8548683B178E4E750014DD72 /* composeImageDel@2x.png */ = {isa = PBXFileReference; lastKnownFileType = image.png; path = "composeImageDel@2x.png"; sourceTree = "<group>"; };
		8548683C178E4E750014DD72 /* composeImageFrame.png */ = {isa = PBXFileReference; lastKnownFileType = image.png; path = composeImageFrame.png; sourceTree = "<group>"; };
		8548683D178E4E750014DD72 /* composeImageFrame@2x.png */ = {isa = PBXFileReference; lastKnownFileType = image.png; path = "composeImageFrame@2x.png"; sourceTree = "<group>"; };
		8548683E178E4E750014DD72 /* composeloadingbtn.png */ = {isa = PBXFileReference; lastKnownFileType = image.png; path = composeloadingbtn.png; sourceTree = "<group>"; };
		8548683F178E4E750014DD72 /* composeloadingbtn@2x.png */ = {isa = PBXFileReference; lastKnownFileType = image.png; path = "composeloadingbtn@2x.png"; sourceTree = "<group>"; };
		85486840178E4E750014DD72 /* composepic_biankuang.png */ = {isa = PBXFileReference; lastKnownFileType = image.png; path = composepic_biankuang.png; sourceTree = "<group>"; };
		85486841178E4E750014DD72 /* composepic_biankuang@2x.png */ = {isa = PBXFileReference; lastKnownFileType = image.png; path = "composepic_biankuang@2x.png"; sourceTree = "<group>"; };
		85486842178E4E750014DD72 /* composequxiaobtn.png */ = {isa = PBXFileReference; lastKnownFileType = image.png; path = composequxiaobtn.png; sourceTree = "<group>"; };
		85486843178E4E750014DD72 /* composequxiaobtn@2x.png */ = {isa = PBXFileReference; lastKnownFileType = image.png; path = "composequxiaobtn@2x.png"; sourceTree = "<group>"; };
		85486844178E4E750014DD72 /* composereturnbtn.png */ = {isa = PBXFileReference; lastKnownFileType = image.png; path = composereturnbtn.png; sourceTree = "<group>"; };
		85486845178E4E750014DD72 /* composereturnbtn@2x.png */ = {isa = PBXFileReference; lastKnownFileType = image.png; path = "composereturnbtn@2x.png"; sourceTree = "<group>"; };
		85486846178E4E750014DD72 /* composesentbtn.png */ = {isa = PBXFileReference; lastKnownFileType = image.png; path = composesentbtn.png; sourceTree = "<group>"; };
		85486847178E4E750014DD72 /* composesentbtn@2x.png */ = {isa = PBXFileReference; lastKnownFileType = image.png; path = "composesentbtn@2x.png"; sourceTree = "<group>"; };
		85486848178E4E750014DD72 /* composesentbtnhover.png */ = {isa = PBXFileReference; lastKnownFileType = image.png; path = composesentbtnhover.png; sourceTree = "<group>"; };
		85486849178E4E750014DD72 /* composesentbtnhover@2x.png */ = {isa = PBXFileReference; lastKnownFileType = image.png; path = "composesentbtnhover@2x.png"; sourceTree = "<group>"; };
		8548684A178E4E750014DD72 /* composeupbg.png */ = {isa = PBXFileReference; lastKnownFileType = image.png; path = composeupbg.png; sourceTree = "<group>"; };
		8548684B178E4E750014DD72 /* composeupbg@2x.png */ = {isa = PBXFileReference; lastKnownFileType = image.png; path = "composeupbg@2x.png"; sourceTree = "<group>"; };
		8548684C178E4E750014DD72 /* composevideo_pic.png */ = {isa = PBXFileReference; lastKnownFileType = image.png; path = composevideo_pic.png; sourceTree = "<group>"; };
		8548684D178E4E750014DD72 /* composevideo_pic@2x.png */ = {isa = PBXFileReference; lastKnownFileType = image.png; path = "composevideo_pic@2x.png"; sourceTree = "<group>"; };
		8548684E178E4E750014DD72 /* composeWords.png */ = {isa = PBXFileReference; lastKnownFileType = image.png; path = composeWords.png; sourceTree = "<group>"; };
		8548684F178E4E750014DD72 /* composeWords@2x.png */ = {isa = PBXFileReference; lastKnownFileType = image.png; path = "composeWords@2x.png"; sourceTree = "<group>"; };
		85486850178E4E750014DD72 /* friendPortrait.png */ = {isa = PBXFileReference; lastKnownFileType = image.png; path = friendPortrait.png; sourceTree = "<group>"; };
		85486851178E4E750014DD72 /* friendPortrait@2x.png */ = {isa = PBXFileReference; lastKnownFileType = image.png; path = "friendPortrait@2x.png"; sourceTree = "<group>"; };
		85486852178E4E750014DD72 /* netError.png */ = {isa = PBXFileReference; lastKnownFileType = image.png; path = netError.png; sourceTree = "<group>"; };
		85486853178E4E750014DD72 /* netError@2x.png */ = {isa = PBXFileReference; lastKnownFileType = image.png; path = "netError@2x.png"; sourceTree = "<group>"; };
		85486854178E4E750014DD72 /* repeatVideoStarticon.png */ = {isa = PBXFileReference; lastKnownFileType = image.png; path = repeatVideoStarticon.png; sourceTree = "<group>"; };
		85486855178E4E750014DD72 /* repeatVideoStarticon@2x.png */ = {isa = PBXFileReference; lastKnownFileType = image.png; path = "repeatVideoStarticon@2x.png"; sourceTree = "<group>"; };
		85486856178E4E750014DD72 /* separatorLine.png */ = {isa = PBXFileReference; lastKnownFileType = image.png; path = separatorLine.png; sourceTree = "<group>"; };
		85486857178E4E750014DD72 /* separatorLine@2x.png */ = {isa = PBXFileReference; lastKnownFileType = image.png; path = "separatorLine@2x.png"; sourceTree = "<group>"; };
		85486858178E4E750014DD72 /* test.png */ = {isa = PBXFileReference; lastKnownFileType = image.png; path = test.png; sourceTree = "<group>"; };
		85486859178E4E750014DD72 /* test@2x.png */ = {isa = PBXFileReference; lastKnownFileType = image.png; path = "test@2x.png"; sourceTree = "<group>"; };
		8548685A178E4E750014DD72 /* ImageDownloader.h */ = {isa = PBXFileReference; fileEncoding = 4; lastKnownFileType = sourcecode.c.h; path = ImageDownloader.h; sourceTree = "<group>"; };
		8548685B178E4E750014DD72 /* ImageDownloader.m */ = {isa = PBXFileReference; fileEncoding = 4; lastKnownFileType = sourcecode.c.objc; path = ImageDownloader.m; sourceTree = "<group>"; };
		8548685D178E4E750014DD72 /* TCWBRepeatViewController.h */ = {isa = PBXFileReference; fileEncoding = 4; lastKnownFileType = sourcecode.c.h; path = TCWBRepeatViewController.h; sourceTree = "<group>"; };
		8548685E178E4E750014DD72 /* TCWBRepeatViewController.m */ = {isa = PBXFileReference; fileEncoding = 4; lastKnownFileType = sourcecode.c.objc; path = TCWBRepeatViewController.m; sourceTree = "<group>"; };
		85486860178E4E750014DD72 /* AttachedPictureCtrlView.h */ = {isa = PBXFileReference; fileEncoding = 4; lastKnownFileType = sourcecode.c.h; path = AttachedPictureCtrlView.h; sourceTree = "<group>"; };
		85486861178E4E750014DD72 /* AttachedPictureCtrlView.m */ = {isa = PBXFileReference; fileEncoding = 4; lastKnownFileType = sourcecode.c.objc; path = AttachedPictureCtrlView.m; sourceTree = "<group>"; };
		85486862178E4E750014DD72 /* AttachedPictureView.h */ = {isa = PBXFileReference; fileEncoding = 4; lastKnownFileType = sourcecode.c.h; path = AttachedPictureView.h; sourceTree = "<group>"; };
		85486863178E4E750014DD72 /* AttachedPictureView.m */ = {isa = PBXFileReference; fileEncoding = 4; lastKnownFileType = sourcecode.c.objc; path = AttachedPictureView.m; sourceTree = "<group>"; };
		85486864178E4E750014DD72 /* contractibleImageView.h */ = {isa = PBXFileReference; fileEncoding = 4; lastKnownFileType = sourcecode.c.h; path = contractibleImageView.h; sourceTree = "<group>"; };
		85486865178E4E750014DD72 /* contractibleImageView.m */ = {isa = PBXFileReference; fileEncoding = 4; lastKnownFileType = sourcecode.c.objc; path = contractibleImageView.m; sourceTree = "<group>"; };
		85486866178E4E750014DD72 /* FileStreame.h */ = {isa = PBXFileReference; fileEncoding = 4; lastKnownFileType = sourcecode.c.h; path = FileStreame.h; sourceTree = "<group>"; };
		85486867178E4E750014DD72 /* FileStreame.m */ = {isa = PBXFileReference; fileEncoding = 4; lastKnownFileType = sourcecode.c.objc; path = FileStreame.m; sourceTree = "<group>"; };
		85486868178E4E750014DD72 /* key.h */ = {isa = PBXFileReference; fileEncoding = 4; lastKnownFileType = sourcecode.c.h; path = key.h; sourceTree = "<group>"; };
		85486869178E4E750014DD72 /* pinyin.c */ = {isa = PBXFileReference; fileEncoding = 4; lastKnownFileType = sourcecode.c.c; path = pinyin.c; sourceTree = "<group>"; };
		8548686A178E4E750014DD72 /* pinyin.h */ = {isa = PBXFileReference; fileEncoding = 4; lastKnownFileType = sourcecode.c.h; path = pinyin.h; sourceTree = "<group>"; };
		8548686B178E4E750014DD72 /* Reachability.h */ = {isa = PBXFileReference; fileEncoding = 4; lastKnownFileType = sourcecode.c.h; path = Reachability.h; sourceTree = "<group>"; };
		8548686C178E4E750014DD72 /* Reachability.m */ = {isa = PBXFileReference; fileEncoding = 4; lastKnownFileType = sourcecode.c.objc; path = Reachability.m; sourceTree = "<group>"; };
		8548686D178E4E750014DD72 /* RegexKitLite.h */ = {isa = PBXFileReference; fileEncoding = 4; lastKnownFileType = sourcecode.c.h; path = RegexKitLite.h; sourceTree = "<group>"; };
		8548686E178E4E750014DD72 /* RegexKitLite.m */ = {isa = PBXFileReference; fileEncoding = 4; lastKnownFileType = sourcecode.c.objc; path = RegexKitLite.m; sourceTree = "<group>"; };
		8548686F178E4E750014DD72 /* TCWBFriendViewController.h */ = {isa = PBXFileReference; fileEncoding = 4; lastKnownFileType = sourcecode.c.h; path = TCWBFriendViewController.h; sourceTree = "<group>"; };
		85486870178E4E750014DD72 /* TCWBFriendViewController.m */ = {isa = PBXFileReference; fileEncoding = 4; lastKnownFileType = sourcecode.c.objc; path = TCWBFriendViewController.m; sourceTree = "<group>"; };
		85486871178E4E750014DD72 /* TCWBRebroadcastMsgViewController.h */ = {isa = PBXFileReference; fileEncoding = 4; lastKnownFileType = sourcecode.c.h; path = TCWBRebroadcastMsgViewController.h; sourceTree = "<group>"; };
		85486872178E4E750014DD72 /* TCWBRebroadcastMsgViewController.m */ = {isa = PBXFileReference; fileEncoding = 4; lastKnownFileType = sourcecode.c.objc; path = TCWBRebroadcastMsgViewController.m; sourceTree = "<group>"; };
		85486873178E4E750014DD72 /* TCWBTopicViewController.h */ = {isa = PBXFileReference; fileEncoding = 4; lastKnownFileType = sourcecode.c.h; path = TCWBTopicViewController.h; sourceTree = "<group>"; };
		85486874178E4E750014DD72 /* TCWBTopicViewController.m */ = {isa = PBXFileReference; fileEncoding = 4; lastKnownFileType = sourcecode.c.objc; path = TCWBTopicViewController.m; sourceTree = "<group>"; };
		85486875178E4E750014DD72 /* UIImage+rotate.h */ = {isa = PBXFileReference; fileEncoding = 4; lastKnownFileType = sourcecode.c.h; path = "UIImage+rotate.h"; sourceTree = "<group>"; };
		85486876178E4E750014DD72 /* UIImage+rotate.m */ = {isa = PBXFileReference; fileEncoding = 4; lastKnownFileType = sourcecode.c.objc; path = "UIImage+rotate.m"; sourceTree = "<group>"; };
		85486877178E4E750014DD72 /* UINoteView.h */ = {isa = PBXFileReference; fileEncoding = 4; lastKnownFileType = sourcecode.c.h; path = UINoteView.h; sourceTree = "<group>"; };
		85486878178E4E750014DD72 /* UINoteView.m */ = {isa = PBXFileReference; fileEncoding = 4; lastKnownFileType = sourcecode.c.objc; path = UINoteView.m; sourceTree = "<group>"; };
		85486879178E4E750014DD72 /* UITableViewFriendCell.h */ = {isa = PBXFileReference; fileEncoding = 4; lastKnownFileType = sourcecode.c.h; path = UITableViewFriendCell.h; sourceTree = "<group>"; };
		8548687A178E4E750014DD72 /* UITableViewFriendCell.m */ = {isa = PBXFileReference; fileEncoding = 4; lastKnownFileType = sourcecode.c.objc; path = UITableViewFriendCell.m; sourceTree = "<group>"; };
		8548687B178E4E750014DD72 /* UIWaitingView.h */ = {isa = PBXFileReference; fileEncoding = 4; lastKnownFileType = sourcecode.c.h; path = UIWaitingView.h; sourceTree = "<group>"; };
		8548687C178E4E750014DD72 /* UIWaitingView.m */ = {isa = PBXFileReference; fileEncoding = 4; lastKnownFileType = sourcecode.c.objc; path = UIWaitingView.m; sourceTree = "<group>"; };
		8548687D178E4E750014DD72 /* WordsLeftView.h */ = {isa = PBXFileReference; fileEncoding = 4; lastKnownFileType = sourcecode.c.h; path = WordsLeftView.h; sourceTree = "<group>"; };
		8548687E178E4E750014DD72 /* WordsLeftView.m */ = {isa = PBXFileReference; fileEncoding = 4; lastKnownFileType = sourcecode.c.objc; path = WordsLeftView.m; sourceTree = "<group>"; };
		8548688E178E4E750014DD72 /* SFHFKeychainUtils.h */ = {isa = PBXFileReference; fileEncoding = 4; lastKnownFileType = sourcecode.c.h; path = SFHFKeychainUtils.h; sourceTree = "<group>"; };
		8548688F178E4E750014DD72 /* SFHFKeychainUtils.m */ = {isa = PBXFileReference; fileEncoding = 4; lastKnownFileType = sourcecode.c.objc; path = SFHFKeychainUtils.m; sourceTree = "<group>"; };
		85486891178E4E750014DD72 /* AuthorizeDelegate.h */ = {isa = PBXFileReference; fileEncoding = 4; lastKnownFileType = sourcecode.c.h; path = AuthorizeDelegate.h; sourceTree = "<group>"; };
		85486892178E4E750014DD72 /* AuthorizeDelegate.m */ = {isa = PBXFileReference; fileEncoding = 4; lastKnownFileType = sourcecode.c.objc; path = AuthorizeDelegate.m; sourceTree = "<group>"; };
		85486893178E4E750014DD72 /* NSObject+WBUtil.h */ = {isa = PBXFileReference; fileEncoding = 4; lastKnownFileType = sourcecode.c.h; path = "NSObject+WBUtil.h"; sourceTree = "<group>"; };
		85486894178E4E750014DD72 /* NSObject+WBUtil.m */ = {isa = PBXFileReference; fileEncoding = 4; lastKnownFileType = sourcecode.c.objc; path = "NSObject+WBUtil.m"; sourceTree = "<group>"; };
		85486895178E4E750014DD72 /* TCWBAuthorizeViewController.h */ = {isa = PBXFileReference; fileEncoding = 4; lastKnownFileType = sourcecode.c.h; path = TCWBAuthorizeViewController.h; sourceTree = "<group>"; };
		85486896178E4E750014DD72 /* TCWBAuthorizeViewController.m */ = {isa = PBXFileReference; fileEncoding = 4; lastKnownFileType = sourcecode.c.objc; path = TCWBAuthorizeViewController.m; sourceTree = "<group>"; };
		85486897178E4E750014DD72 /* TCWBEngine.h */ = {isa = PBXFileReference; fileEncoding = 4; lastKnownFileType = sourcecode.c.h; path = TCWBEngine.h; sourceTree = "<group>"; };
		85486898178E4E750014DD72 /* TCWBEngine.m */ = {isa = PBXFileReference; fileEncoding = 4; lastKnownFileType = sourcecode.c.objc; path = TCWBEngine.m; sourceTree = "<group>"; };
		85486899178E4E750014DD72 /* TCWBGlobalUtil.h */ = {isa = PBXFileReference; fileEncoding = 4; lastKnownFileType = sourcecode.c.h; path = TCWBGlobalUtil.h; sourceTree = "<group>"; };
		8548689A178E4E750014DD72 /* TCWBRequest.h */ = {isa = PBXFileReference; fileEncoding = 4; lastKnownFileType = sourcecode.c.h; path = TCWBRequest.h; sourceTree = "<group>"; };
		8548689B178E4E750014DD72 /* TCWBRequest.m */ = {isa = PBXFileReference; fileEncoding = 4; lastKnownFileType = sourcecode.c.objc; path = TCWBRequest.m; sourceTree = "<group>"; };
		8548689C178E4E750014DD72 /* zh-Hans */ = {isa = PBXFileReference; lastKnownFileType = text.plist.strings; name = "zh-Hans"; path = "zh-Hans.lproj/Language.strings"; sourceTree = "<group>"; };
		8548689D178E4E750014DD72 /* zh-Hant */ = {isa = PBXFileReference; lastKnownFileType = text.plist.strings; name = "zh-Hant"; path = "zh-Hant.lproj/Language.strings"; sourceTree = "<group>"; };
		854868F4178E4F170014DD72 /* CoreLocation.framework */ = {isa = PBXFileReference; lastKnownFileType = wrapper.framework; name = CoreLocation.framework; path = System/Library/Frameworks/CoreLocation.framework; sourceTree = SDKROOT; };
		854868F6178E4F3D0014DD72 /* SystemConfiguration.framework */ = {isa = PBXFileReference; lastKnownFileType = wrapper.framework; name = SystemConfiguration.framework; path = System/Library/Frameworks/SystemConfiguration.framework; sourceTree = SDKROOT; };
		854868F8178E4F830014DD72 /* libicucore.dylib */ = {isa = PBXFileReference; lastKnownFileType = "compiled.mach-o.dylib"; name = libicucore.dylib; path = usr/lib/libicucore.dylib; sourceTree = SDKROOT; };
		854868FA178E4FB60014DD72 /* Security.framework */ = {isa = PBXFileReference; lastKnownFileType = wrapper.framework; name = Security.framework; path = System/Library/Frameworks/Security.framework; sourceTree = SDKROOT; };
		85486900178E62440014DD72 /* TencentWeiboViewController.h */ = {isa = PBXFileReference; fileEncoding = 4; lastKnownFileType = sourcecode.c.h; name = TencentWeiboViewController.h; path = UI/TencentWeiboViewController.h; sourceTree = "<group>"; };
		85486901178E62450014DD72 /* TencentWeiboViewController.m */ = {isa = PBXFileReference; fileEncoding = 4; lastKnownFileType = sourcecode.c.objc; name = TencentWeiboViewController.m; path = UI/TencentWeiboViewController.m; sourceTree = "<group>"; };
		855082FB178A93EE007BACB3 /* FileManager.h */ = {isa = PBXFileReference; fileEncoding = 4; lastKnownFileType = sourcecode.c.h; name = FileManager.h; path = Common/FileManager.h; sourceTree = "<group>"; };
		855082FC178A93EE007BACB3 /* FileManager.m */ = {isa = PBXFileReference; fileEncoding = 4; lastKnownFileType = sourcecode.c.objc; name = FileManager.m; path = Common/FileManager.m; sourceTree = "<group>"; };
		855082FE178A9A8E007BACB3 /* Config.h */ = {isa = PBXFileReference; lastKnownFileType = sourcecode.c.h; name = Config.h; path = Common/Config.h; sourceTree = "<group>"; };
		855082FF178A9DB6007BACB3 /* HttpManager.h */ = {isa = PBXFileReference; fileEncoding = 4; lastKnownFileType = sourcecode.c.h; name = HttpManager.h; path = Common/HttpManager.h; sourceTree = "<group>"; };
		85508300178A9DB6007BACB3 /* HttpManager.m */ = {isa = PBXFileReference; fileEncoding = 4; lastKnownFileType = sourcecode.c.objc; name = HttpManager.m; path = Common/HttpManager.m; sourceTree = "<group>"; };
		85508302178AA530007BACB3 /* HttpRequest.h */ = {isa = PBXFileReference; fileEncoding = 4; lastKnownFileType = sourcecode.c.h; name = HttpRequest.h; path = Common/HttpRequest.h; sourceTree = "<group>"; };
		85508303178AA530007BACB3 /* HttpRequest.m */ = {isa = PBXFileReference; fileEncoding = 4; lastKnownFileType = sourcecode.c.objc; name = HttpRequest.m; path = Common/HttpRequest.m; sourceTree = "<group>"; };
		85508305178ACBC1007BACB3 /* NZNotificationCenter.h */ = {isa = PBXFileReference; fileEncoding = 4; lastKnownFileType = sourcecode.c.h; name = NZNotificationCenter.h; path = Common/NZNotificationCenter.h; sourceTree = "<group>"; };
		85508306178ACBC1007BACB3 /* NZNotificationCenter.m */ = {isa = PBXFileReference; fileEncoding = 4; lastKnownFileType = sourcecode.c.objc; name = NZNotificationCenter.m; path = Common/NZNotificationCenter.m; sourceTree = "<group>"; };
		85556301178BFF7B007DB8C7 /* Feed.h */ = {isa = PBXFileReference; fileEncoding = 4; lastKnownFileType = sourcecode.c.h; name = Feed.h; path = Data/Feed.h; sourceTree = "<group>"; };
		85556302178BFF7B007DB8C7 /* Feed.m */ = {isa = PBXFileReference; fileEncoding = 4; lastKnownFileType = sourcecode.c.objc; name = Feed.m; path = Data/Feed.m; sourceTree = "<group>"; };
		85556304178BFF7C007DB8C7 /* Comments.h */ = {isa = PBXFileReference; fileEncoding = 4; lastKnownFileType = sourcecode.c.h; name = Comments.h; path = Data/Comments.h; sourceTree = "<group>"; };
		85556305178BFF7C007DB8C7 /* Comments.m */ = {isa = PBXFileReference; fileEncoding = 4; lastKnownFileType = sourcecode.c.objc; name = Comments.m; path = Data/Comments.m; sourceTree = "<group>"; };
		85556307178BFF7C007DB8C7 /* User.h */ = {isa = PBXFileReference; fileEncoding = 4; lastKnownFileType = sourcecode.c.h; name = User.h; path = Data/User.h; sourceTree = "<group>"; };
		85556308178BFF7C007DB8C7 /* User.m */ = {isa = PBXFileReference; fileEncoding = 4; lastKnownFileType = sourcecode.c.objc; name = User.m; path = Data/User.m; sourceTree = "<group>"; };
		8588A886178FA96900191931 /* BMapKit.h */ = {isa = PBXFileReference; fileEncoding = 4; lastKnownFileType = sourcecode.c.h; path = BMapKit.h; sourceTree = "<group>"; };
		8588A887178FA96900191931 /* BMKAnnotation.h */ = {isa = PBXFileReference; fileEncoding = 4; lastKnownFileType = sourcecode.c.h; path = BMKAnnotation.h; sourceTree = "<group>"; };
		8588A888178FA96900191931 /* BMKAnnotationView.h */ = {isa = PBXFileReference; fileEncoding = 4; lastKnownFileType = sourcecode.c.h; path = BMKAnnotationView.h; sourceTree = "<group>"; };
		8588A889178FA96900191931 /* BMKCircle.h */ = {isa = PBXFileReference; fileEncoding = 4; lastKnownFileType = sourcecode.c.h; path = BMKCircle.h; sourceTree = "<group>"; };
		8588A88A178FA96900191931 /* BMKCircleView.h */ = {isa = PBXFileReference; fileEncoding = 4; lastKnownFileType = sourcecode.c.h; path = BMKCircleView.h; sourceTree = "<group>"; };
		8588A88B178FA96900191931 /* BMKGeneralDelegate.h */ = {isa = PBXFileReference; fileEncoding = 4; lastKnownFileType = sourcecode.c.h; path = BMKGeneralDelegate.h; sourceTree = "<group>"; };
		8588A88C178FA96900191931 /* BMKGeocodeType.h */ = {isa = PBXFileReference; fileEncoding = 4; lastKnownFileType = sourcecode.c.h; path = BMKGeocodeType.h; sourceTree = "<group>"; };
		8588A88D178FA96900191931 /* BMKGeometry.h */ = {isa = PBXFileReference; fileEncoding = 4; lastKnownFileType = sourcecode.c.h; path = BMKGeometry.h; sourceTree = "<group>"; };
		8588A88E178FA96900191931 /* BMKMapManager.h */ = {isa = PBXFileReference; fileEncoding = 4; lastKnownFileType = sourcecode.c.h; path = BMKMapManager.h; sourceTree = "<group>"; };
		8588A88F178FA96900191931 /* BMKMapView.h */ = {isa = PBXFileReference; fileEncoding = 4; lastKnownFileType = sourcecode.c.h; path = BMKMapView.h; sourceTree = "<group>"; };
		8588A890178FA96900191931 /* BMKMultiPoint.h */ = {isa = PBXFileReference; fileEncoding = 4; lastKnownFileType = sourcecode.c.h; path = BMKMultiPoint.h; sourceTree = "<group>"; };
		8588A891178FA96900191931 /* BMKOfflineMap.h */ = {isa = PBXFileReference; fileEncoding = 4; lastKnownFileType = sourcecode.c.h; path = BMKOfflineMap.h; sourceTree = "<group>"; };
		8588A892178FA96900191931 /* BMKOfflineMapType.h */ = {isa = PBXFileReference; fileEncoding = 4; lastKnownFileType = sourcecode.c.h; path = BMKOfflineMapType.h; sourceTree = "<group>"; };
		8588A893178FA96900191931 /* BMKOverlay.h */ = {isa = PBXFileReference; fileEncoding = 4; lastKnownFileType = sourcecode.c.h; path = BMKOverlay.h; sourceTree = "<group>"; };
		8588A894178FA96900191931 /* BMKOverlayPathView.h */ = {isa = PBXFileReference; fileEncoding = 4; lastKnownFileType = sourcecode.c.h; path = BMKOverlayPathView.h; sourceTree = "<group>"; };
		8588A895178FA96900191931 /* BMKOverlayView.h */ = {isa = PBXFileReference; fileEncoding = 4; lastKnownFileType = sourcecode.c.h; path = BMKOverlayView.h; sourceTree = "<group>"; };
		8588A896178FA96900191931 /* BMKPinAnnotationView.h */ = {isa = PBXFileReference; fileEncoding = 4; lastKnownFileType = sourcecode.c.h; path = BMKPinAnnotationView.h; sourceTree = "<group>"; };
		8588A897178FA96900191931 /* BMKPointAnnotation.h */ = {isa = PBXFileReference; fileEncoding = 4; lastKnownFileType = sourcecode.c.h; path = BMKPointAnnotation.h; sourceTree = "<group>"; };
		8588A898178FA96900191931 /* BMKPoiSearchType.h */ = {isa = PBXFileReference; fileEncoding = 4; lastKnownFileType = sourcecode.c.h; path = BMKPoiSearchType.h; sourceTree = "<group>"; };
		8588A899178FA96900191931 /* BMKPolygon.h */ = {isa = PBXFileReference; fileEncoding = 4; lastKnownFileType = sourcecode.c.h; path = BMKPolygon.h; sourceTree = "<group>"; };
		8588A89A178FA96900191931 /* BMKPolygonView.h */ = {isa = PBXFileReference; fileEncoding = 4; lastKnownFileType = sourcecode.c.h; path = BMKPolygonView.h; sourceTree = "<group>"; };
		8588A89B178FA96900191931 /* BMKPolyline.h */ = {isa = PBXFileReference; fileEncoding = 4; lastKnownFileType = sourcecode.c.h; path = BMKPolyline.h; sourceTree = "<group>"; };
		8588A89C178FA96900191931 /* BMKPolylineView.h */ = {isa = PBXFileReference; fileEncoding = 4; lastKnownFileType = sourcecode.c.h; path = BMKPolylineView.h; sourceTree = "<group>"; };
		8588A89D178FA96900191931 /* BMKRouteSearchType.h */ = {isa = PBXFileReference; fileEncoding = 4; lastKnownFileType = sourcecode.c.h; path = BMKRouteSearchType.h; sourceTree = "<group>"; };
		8588A89E178FA96900191931 /* BMKSearch.h */ = {isa = PBXFileReference; fileEncoding = 4; lastKnownFileType = sourcecode.c.h; path = BMKSearch.h; sourceTree = "<group>"; };
		8588A89F178FA96900191931 /* BMKShape.h */ = {isa = PBXFileReference; fileEncoding = 4; lastKnownFileType = sourcecode.c.h; path = BMKShape.h; sourceTree = "<group>"; };
		8588A8A0178FA96900191931 /* BMKTypes.h */ = {isa = PBXFileReference; fileEncoding = 4; lastKnownFileType = sourcecode.c.h; path = BMKTypes.h; sourceTree = "<group>"; };
		8588A8A1178FA96900191931 /* BMKUserLocation.h */ = {isa = PBXFileReference; fileEncoding = 4; lastKnownFileType = sourcecode.c.h; path = BMKUserLocation.h; sourceTree = "<group>"; };
		8588A8A2178FA96900191931 /* BMKVersion.h */ = {isa = PBXFileReference; fileEncoding = 4; lastKnownFileType = sourcecode.c.h; path = BMKVersion.h; sourceTree = "<group>"; };
		8588A8A7178FA96900191931 /* libbaidumapapi.a */ = {isa = PBXFileReference; lastKnownFileType = archive.ar; path = libbaidumapapi.a; sourceTree = "<group>"; };
		8588A8A8178FA96900191931 /* mapapi.bundle */ = {isa = PBXFileReference; lastKnownFileType = "wrapper.plug-in"; name = mapapi.bundle; path = BaiduMap/mapapi.bundle; sourceTree = "<group>"; };
		8588A8AD178FAB9F00191931 /* OpenGLES.framework */ = {isa = PBXFileReference; lastKnownFileType = wrapper.framework; name = OpenGLES.framework; path = System/Library/Frameworks/OpenGLES.framework; sourceTree = SDKROOT; };
		858EE5EA177A92F4000FF384 /* WeiboViewController.h */ = {isa = PBXFileReference; fileEncoding = 4; lastKnownFileType = sourcecode.c.h; name = WeiboViewController.h; path = UI/WeiboViewController.h; sourceTree = "<group>"; };
		858EE5EB177A92F4000FF384 /* WeiboViewController.m */ = {isa = PBXFileReference; fileEncoding = 4; lastKnownFileType = sourcecode.c.objc; name = WeiboViewController.m; path = UI/WeiboViewController.m; sourceTree = "<group>"; };
		858EE5ED177AAECA000FF384 /* WeChatViewController.h */ = {isa = PBXFileReference; fileEncoding = 4; lastKnownFileType = sourcecode.c.h; name = WeChatViewController.h; path = UI/WeChatViewController.h; sourceTree = "<group>"; };
		858EE5EE177AAECA000FF384 /* WeChatViewController.m */ = {isa = PBXFileReference; fileEncoding = 4; lastKnownFileType = sourcecode.c.objc; name = WeChatViewController.m; path = UI/WeChatViewController.m; sourceTree = "<group>"; };
		85DA829F178BB21D00FCD1A2 /* LocalModel.xcdatamodel */ = {isa = PBXFileReference; lastKnownFileType = wrapper.xcdatamodel; path = LocalModel.xcdatamodel; sourceTree = "<group>"; };
		85DA82A6178BB9DB00FCD1A2 /* BasicViewController.h */ = {isa = PBXFileReference; fileEncoding = 4; lastKnownFileType = sourcecode.c.h; name = BasicViewController.h; path = UI/Basic/BasicViewController.h; sourceTree = "<group>"; };
		85DA82A7178BB9DB00FCD1A2 /* BasicViewController.m */ = {isa = PBXFileReference; fileEncoding = 4; lastKnownFileType = sourcecode.c.objc; name = BasicViewController.m; path = UI/Basic/BasicViewController.m; sourceTree = "<group>"; };
		85DA82BB178BD80900FCD1A2 /* DataController.h */ = {isa = PBXFileReference; fileEncoding = 4; lastKnownFileType = sourcecode.c.h; name = DataController.h; path = Data/DataController.h; sourceTree = "<group>"; };
		85DA82BC178BD80900FCD1A2 /* DataController.m */ = {isa = PBXFileReference; fileEncoding = 4; lastKnownFileType = sourcecode.c.objc; name = DataController.m; path = Data/DataController.m; sourceTree = "<group>"; };
		85DA82BE178BDB2C00FCD1A2 /* CoreData.framework */ = {isa = PBXFileReference; lastKnownFileType = wrapper.framework; name = CoreData.framework; path = System/Library/Frameworks/CoreData.framework; sourceTree = SDKROOT; };
		85DF3F6E177D8FA700DC0A7B /* RenrenNewsCell.h */ = {isa = PBXFileReference; fileEncoding = 4; lastKnownFileType = sourcecode.c.h; name = RenrenNewsCell.h; path = SNSCache/RenrenNewsCell.h; sourceTree = "<group>"; };
		85DF3F6F177D8FA700DC0A7B /* RenrenNewsCell.m */ = {isa = PBXFileReference; fileEncoding = 4; lastKnownFileType = sourcecode.c.objc; name = RenrenNewsCell.m; path = SNSCache/RenrenNewsCell.m; sourceTree = "<group>"; };
		85DF3F72177D980100DC0A7B /* WeiboNewsCell.h */ = {isa = PBXFileReference; fileEncoding = 4; lastKnownFileType = sourcecode.c.h; name = WeiboNewsCell.h; path = SNSCache/WeiboNewsCell.h; sourceTree = "<group>"; };
		85DF3F73177D980100DC0A7B /* WeiboNewsCell.m */ = {isa = PBXFileReference; fileEncoding = 4; lastKnownFileType = sourcecode.c.objc; name = WeiboNewsCell.m; path = SNSCache/WeiboNewsCell.m; sourceTree = "<group>"; };
		85FC7D1F178D4E4A0069621C /* QuartzCore.framework */ = {isa = PBXFileReference; lastKnownFileType = wrapper.framework; name = QuartzCore.framework; path = System/Library/Frameworks/QuartzCore.framework; sourceTree = SDKROOT; };
		85FC7D22178D5B960069621C /* DetailInfoViewController.h */ = {isa = PBXFileReference; fileEncoding = 4; lastKnownFileType = sourcecode.c.h; name = DetailInfoViewController.h; path = UI/DetailInfoViewController.h; sourceTree = "<group>"; };
		85FC7D23178D5B960069621C /* DetailInfoViewController.mm */ = {isa = PBXFileReference; fileEncoding = 4; lastKnownFileType = sourcecode.cpp.objcpp; name = DetailInfoViewController.mm; path = UI/DetailInfoViewController.mm; sourceTree = "<group>"; };
		85FC7D29178D67E80069621C /* SNSNewsCellView.h */ = {isa = PBXFileReference; fileEncoding = 4; lastKnownFileType = sourcecode.c.h; name = SNSNewsCellView.h; path = UI/Cell/SNSNewsCellView.h; sourceTree = "<group>"; };
		85FC7D2A178D67E80069621C /* SNSNewsCellView.m */ = {isa = PBXFileReference; fileEncoding = 4; lastKnownFileType = sourcecode.c.objc; name = SNSNewsCellView.m; path = UI/Cell/SNSNewsCellView.m; sourceTree = "<group>"; };
		85FC7D2C178D681B0069621C /* NewsCacheElement.h */ = {isa = PBXFileReference; fileEncoding = 4; lastKnownFileType = sourcecode.c.h; name = NewsCacheElement.h; path = SNSCache/NewsCacheElement.h; sourceTree = "<group>"; };
		85FC7D2D178D681B0069621C /* NewsCacheElement.m */ = {isa = PBXFileReference; fileEncoding = 4; lastKnownFileType = sourcecode.c.objc; name = NewsCacheElement.m; path = SNSCache/NewsCacheElement.m; sourceTree = "<group>"; };
/* End PBXFileReference section */

/* Begin PBXFrameworksBuildPhase section */
		852C2BF8177977AC005C1121 /* Frameworks */ = {
			isa = PBXFrameworksBuildPhase;
			buildActionMask = 2147483647;
			files = (
				852C2C03177977AC005C1121 /* CoreGraphics.framework in Frameworks */,
				8588A8AF178FABC200191931 /* OpenGLES.framework in Frameworks */,
				854868FF178E4FDD0014DD72 /* libicucore.dylib in Frameworks */,
				854868FE178E4FD50014DD72 /* SystemConfiguration.framework in Frameworks */,
				854868FD178E4FCE0014DD72 /* Security.framework in Frameworks */,
				854868FC178E4FC90014DD72 /* CoreLocation.framework in Frameworks */,
				85FC7D21178D4E570069621C /* QuartzCore.framework in Frameworks */,
				85DA82C0178BDB5900FCD1A2 /* CoreData.framework in Frameworks */,
				852C2F6A17798092005C1121 /* libsqlite3.0.dylib in Frameworks */,
				852C2BFF177977AC005C1121 /* UIKit.framework in Frameworks */,
				852C2C01177977AC005C1121 /* Foundation.framework in Frameworks */,
				8547A353178A5E0800D0C616 /* RennSDK.framework in Frameworks */,
				8588A8AA178FA96900191931 /* libbaidumapapi.a in Frameworks */,
				85169F841794D7C9007E43ED /* libWeChatSDK.a in Frameworks */,
				85169F851794D7CA007E43ED /* libWeChatSDK_armv7_armv7s.a in Frameworks */,
			);
			runOnlyForDeploymentPostprocessing = 0;
		};
/* End PBXFrameworksBuildPhase section */

/* Begin PBXGroup section */
		85122912178D0F110013B6C8 /* UIItem */ = {
			isa = PBXGroup;
			children = (
			);
			name = UIItem;
			sourceTree = "<group>";
		};
		85169F7F1794D7C9007E43ED /* WeChat */ = {
			isa = PBXGroup;
			children = (
				85169F801794D7C9007E43ED /* libWeChatSDK.a */,
				85169F811794D7C9007E43ED /* libWeChatSDK_armv7_armv7s.a */,
				85169F821794D7C9007E43ED /* WXApi.h */,
				85169F831794D7C9007E43ED /* WXApiObject.h */,
			);
			path = WeChat;
			sourceTree = "<group>";
		};
		852C2BF2177977AC005C1121 = {
			isa = PBXGroup;
			children = (
				852C2C04177977AC005C1121 /* SNSBigBang */,
				852C2BFD177977AC005C1121 /* Frameworks */,
				852C2BFC177977AC005C1121 /* Products */,
			);
			sourceTree = "<group>";
		};
		852C2BFC177977AC005C1121 /* Products */ = {
			isa = PBXGroup;
			children = (
				852C2BFB177977AC005C1121 /* SNSBigBang.app */,
			);
			name = Products;
			sourceTree = "<group>";
		};
		852C2BFD177977AC005C1121 /* Frameworks */ = {
			isa = PBXGroup;
			children = (
				8588A8AD178FAB9F00191931 /* OpenGLES.framework */,
				854868FA178E4FB60014DD72 /* Security.framework */,
				854868F8178E4F830014DD72 /* libicucore.dylib */,
				854868F6178E4F3D0014DD72 /* SystemConfiguration.framework */,
				854868F4178E4F170014DD72 /* CoreLocation.framework */,
				85FC7D1F178D4E4A0069621C /* QuartzCore.framework */,
				85DA82BE178BDB2C00FCD1A2 /* CoreData.framework */,
				852C2F6917798092005C1121 /* libsqlite3.0.dylib */,
				852C2BFE177977AC005C1121 /* UIKit.framework */,
				852C2C00177977AC005C1121 /* Foundation.framework */,
				852C2C02177977AC005C1121 /* CoreGraphics.framework */,
			);
			name = Frameworks;
			sourceTree = "<group>";
		};
		852C2C04177977AC005C1121 /* SNSBigBang */ = {
			isa = PBXGroup;
			children = (
				8588A884178FA92A00191931 /* BaiduMap */,
				85DA829D178BB1F800FCD1A2 /* Data */,
				855082F7178A92BF007BACB3 /* Common */,
				852C2DC617797D72005C1121 /* SNSLibrary */,
				852C2F8817799AC4005C1121 /* UI */,
				8547A34D178A576700D0C616 /* Main */,
				852C2C16177977AC005C1121 /* MainStoryboard.storyboard */,
				852C2C05177977AC005C1121 /* Supporting Files */,
			);
			path = SNSBigBang;
			sourceTree = "<group>";
		};
		852C2C05177977AC005C1121 /* Supporting Files */ = {
			isa = PBXGroup;
			children = (
				852C2C06177977AC005C1121 /* SNSBigBang-Info.plist */,
				852C2C07177977AC005C1121 /* InfoPlist.strings */,
				852C2C0A177977AC005C1121 /* main.m */,
				852C2C0C177977AC005C1121 /* SNSBigBang-Prefix.pch */,
				852C2C10177977AC005C1121 /* Default.png */,
				852C2C12177977AC005C1121 /* Default@2x.png */,
				852C2C14177977AC005C1121 /* Default-568h@2x.png */,
			);
			name = "Supporting Files";
			sourceTree = "<group>";
		};
		852C2DC617797D72005C1121 /* SNSLibrary */ = {
			isa = PBXGroup;
			children = (
				85169F7F1794D7C9007E43ED /* WeChat */,
				8548681C178E4E740014DD72 /* TCWeiBoSDK */,
				85DF3F6D177D8F6300DC0A7B /* SNSCache */,
				852C2F6B17798227005C1121 /* Weibo */,
				852C2E9817797FFC005C1121 /* RenRen */,
				852C2F8417799203005C1121 /* SNSUtility.h */,
				852C2F8517799204005C1121 /* SNSUtility.m */,
			);
			path = SNSLibrary;
			sourceTree = "<group>";
		};
		852C2E9817797FFC005C1121 /* RenRen */ = {
			isa = PBXGroup;
			children = (
				8547A351178A5E0800D0C616 /* RennSDK.framework */,
				8547A352178A5E0800D0C616 /* RennSDK.bundle */,
			);
			path = RenRen;
			sourceTree = "<group>";
		};
		852C2F6B17798227005C1121 /* Weibo */ = {
			isa = PBXGroup;
			children = (
				852C2F6C17798227005C1121 /* JSONKit */,
				852C2F6F17798227005C1121 /* SinaWeibo */,
			);
			path = Weibo;
			sourceTree = "<group>";
		};
		852C2F6C17798227005C1121 /* JSONKit */ = {
			isa = PBXGroup;
			children = (
				852C2F6D17798227005C1121 /* JSONKit.h */,
				852C2F6E17798227005C1121 /* JSONKit.m */,
			);
			path = JSONKit;
			sourceTree = "<group>";
		};
		852C2F6F17798227005C1121 /* SinaWeibo */ = {
			isa = PBXGroup;
			children = (
				852C2F7017798227005C1121 /* SinaWeibo.bundle */,
				852C2F7117798227005C1121 /* SinaWeibo.h */,
				852C2F7217798227005C1121 /* SinaWeibo.m */,
				852C2F7317798227005C1121 /* SinaWeiboAuthorizeView.h */,
				852C2F7417798227005C1121 /* SinaWeiboAuthorizeView.m */,
				852C2F7517798227005C1121 /* SinaWeiboConstants.h */,
				852C2F7617798227005C1121 /* SinaWeiboRequest.h */,
				852C2F7717798227005C1121 /* SinaWeiboRequest.m */,
			);
			path = SinaWeibo;
			sourceTree = "<group>";
		};
		852C2F8817799AC4005C1121 /* UI */ = {
			isa = PBXGroup;
			children = (
				85122912178D0F110013B6C8 /* UIItem */,
				85DA82A5178BB9A900FCD1A2 /* Basic */,
				85EB0CD41781281B0023291C /* Cell */,
				852C2F8917799B00005C1121 /* RenrenViewController.h */,
				852C2F8A17799B00005C1121 /* RenrenViewController.m */,
				858EE5EA177A92F4000FF384 /* WeiboViewController.h */,
				858EE5EB177A92F4000FF384 /* WeiboViewController.m */,
				858EE5ED177AAECA000FF384 /* WeChatViewController.h */,
				858EE5EE177AAECA000FF384 /* WeChatViewController.m */,
				85FC7D22178D5B960069621C /* DetailInfoViewController.h */,
				85FC7D23178D5B960069621C /* DetailInfoViewController.mm */,
				85486900178E62440014DD72 /* TencentWeiboViewController.h */,
				85486901178E62450014DD72 /* TencentWeiboViewController.m */,
			);
			name = UI;
			sourceTree = "<group>";
		};
		8547A34D178A576700D0C616 /* Main */ = {
			isa = PBXGroup;
			children = (
				852C2C0D177977AC005C1121 /* AppDelegate.h */,
				852C2C0E177977AC005C1121 /* AppDelegate.mm */,
				8547A34E178A579400D0C616 /* MainViewController.h */,
				8547A34F178A579400D0C616 /* MainViewController.m */,
			);
			name = Main;
			sourceTree = "<group>";
		};
		8548681C178E4E740014DD72 /* TCWeiBoSDK */ = {
			isa = PBXGroup;
			children = (
				8548681D178E4E750014DD72 /* Language.strings */,
				8548681F178E4E750014DD72 /* GetIPAddress */,
				85486822178E4E750014DD72 /* Image */,
				8548685A178E4E750014DD72 /* ImageDownloader.h */,
				8548685B178E4E750014DD72 /* ImageDownloader.m */,
				8548685C178E4E750014DD72 /* RebroadcastModule */,
				8548685F178E4E750014DD72 /* RelayModule */,
				8548688D178E4E750014DD72 /* SFHFKeychainUtils */,
				85486890178E4E750014DD72 /* TCWBEngine */,
			);
			path = TCWeiBoSDK;
			sourceTree = "<group>";
		};
		8548681F178E4E750014DD72 /* GetIPAddress */ = {
			isa = PBXGroup;
			children = (
				85486820178E4E750014DD72 /* GetIPAddress.h */,
				85486821178E4E750014DD72 /* GetIPAddress.m */,
			);
			path = GetIPAddress;
			sourceTree = "<group>";
		};
		85486822178E4E750014DD72 /* Image */ = {
			isa = PBXGroup;
			children = (
				85486823178E4E750014DD72 /* comopose#@2x.png */,
				85486824178E4E750014DD72 /* compose#.png */,
				85486825178E4E750014DD72 /* compose#@2x.png */,
				85486826178E4E750014DD72 /* compose#hover.png */,
				85486827178E4E750014DD72 /* compose#hover@2x.png */,
				85486828178E4E750014DD72 /* composeAt.png */,
				85486829178E4E750014DD72 /* composeAt@2x.png */,
				8548682A178E4E750014DD72 /* composeAthover.png */,
				8548682B178E4E750014DD72 /* composeAthover@2x.png */,
				8548682C178E4E750014DD72 /* composeCameraEnable.png */,
				8548682D178E4E750014DD72 /* composeCameraEnable@2x.png */,
				8548682E178E4E750014DD72 /* composeCamerahover.png */,
				8548682F178E4E750014DD72 /* composeCamerahover@2x.png */,
				85486830178E4E750014DD72 /* composedingwei.png */,
				85486831178E4E750014DD72 /* composedingwei@2x.png */,
				85486832178E4E750014DD72 /* composedingweihover.png */,
				85486833178E4E750014DD72 /* composedingweihover@2x.png */,
				85486834178E4E750014DD72 /* composeEmotionBg.png */,
				85486835178E4E750014DD72 /* composeEmotionBg@2x.png */,
				85486836178E4E750014DD72 /* composehuatiinput.png */,
				85486837178E4E750014DD72 /* composehuatiinput@2x.png */,
				85486838178E4E750014DD72 /* composeiconbg.png */,
				85486839178E4E750014DD72 /* composeiconbg@2x.png */,
				8548683A178E4E750014DD72 /* composeImageDel.png */,
				8548683B178E4E750014DD72 /* composeImageDel@2x.png */,
				8548683C178E4E750014DD72 /* composeImageFrame.png */,
				8548683D178E4E750014DD72 /* composeImageFrame@2x.png */,
				8548683E178E4E750014DD72 /* composeloadingbtn.png */,
				8548683F178E4E750014DD72 /* composeloadingbtn@2x.png */,
				85486840178E4E750014DD72 /* composepic_biankuang.png */,
				85486841178E4E750014DD72 /* composepic_biankuang@2x.png */,
				85486842178E4E750014DD72 /* composequxiaobtn.png */,
				85486843178E4E750014DD72 /* composequxiaobtn@2x.png */,
				85486844178E4E750014DD72 /* composereturnbtn.png */,
				85486845178E4E750014DD72 /* composereturnbtn@2x.png */,
				85486846178E4E750014DD72 /* composesentbtn.png */,
				85486847178E4E750014DD72 /* composesentbtn@2x.png */,
				85486848178E4E750014DD72 /* composesentbtnhover.png */,
				85486849178E4E750014DD72 /* composesentbtnhover@2x.png */,
				8548684A178E4E750014DD72 /* composeupbg.png */,
				8548684B178E4E750014DD72 /* composeupbg@2x.png */,
				8548684C178E4E750014DD72 /* composevideo_pic.png */,
				8548684D178E4E750014DD72 /* composevideo_pic@2x.png */,
				8548684E178E4E750014DD72 /* composeWords.png */,
				8548684F178E4E750014DD72 /* composeWords@2x.png */,
				85486850178E4E750014DD72 /* friendPortrait.png */,
				85486851178E4E750014DD72 /* friendPortrait@2x.png */,
				85486852178E4E750014DD72 /* netError.png */,
				85486853178E4E750014DD72 /* netError@2x.png */,
				85486854178E4E750014DD72 /* repeatVideoStarticon.png */,
				85486855178E4E750014DD72 /* repeatVideoStarticon@2x.png */,
				85486856178E4E750014DD72 /* separatorLine.png */,
				85486857178E4E750014DD72 /* separatorLine@2x.png */,
				85486858178E4E750014DD72 /* test.png */,
				85486859178E4E750014DD72 /* test@2x.png */,
			);
			path = Image;
			sourceTree = "<group>";
		};
		8548685C178E4E750014DD72 /* RebroadcastModule */ = {
			isa = PBXGroup;
			children = (
				8548685D178E4E750014DD72 /* TCWBRepeatViewController.h */,
				8548685E178E4E750014DD72 /* TCWBRepeatViewController.m */,
			);
			path = RebroadcastModule;
			sourceTree = "<group>";
		};
		8548685F178E4E750014DD72 /* RelayModule */ = {
			isa = PBXGroup;
			children = (
				85486860178E4E750014DD72 /* AttachedPictureCtrlView.h */,
				85486861178E4E750014DD72 /* AttachedPictureCtrlView.m */,
				85486862178E4E750014DD72 /* AttachedPictureView.h */,
				85486863178E4E750014DD72 /* AttachedPictureView.m */,
				85486864178E4E750014DD72 /* contractibleImageView.h */,
				85486865178E4E750014DD72 /* contractibleImageView.m */,
				85486866178E4E750014DD72 /* FileStreame.h */,
				85486867178E4E750014DD72 /* FileStreame.m */,
				85486868178E4E750014DD72 /* key.h */,
				85486869178E4E750014DD72 /* pinyin.c */,
				8548686A178E4E750014DD72 /* pinyin.h */,
				8548686B178E4E750014DD72 /* Reachability.h */,
				8548686C178E4E750014DD72 /* Reachability.m */,
				8548686D178E4E750014DD72 /* RegexKitLite.h */,
				8548686E178E4E750014DD72 /* RegexKitLite.m */,
				8548686F178E4E750014DD72 /* TCWBFriendViewController.h */,
				85486870178E4E750014DD72 /* TCWBFriendViewController.m */,
				85486871178E4E750014DD72 /* TCWBRebroadcastMsgViewController.h */,
				85486872178E4E750014DD72 /* TCWBRebroadcastMsgViewController.m */,
				85486873178E4E750014DD72 /* TCWBTopicViewController.h */,
				85486874178E4E750014DD72 /* TCWBTopicViewController.m */,
				85486875178E4E750014DD72 /* UIImage+rotate.h */,
				85486876178E4E750014DD72 /* UIImage+rotate.m */,
				85486877178E4E750014DD72 /* UINoteView.h */,
				85486878178E4E750014DD72 /* UINoteView.m */,
				85486879178E4E750014DD72 /* UITableViewFriendCell.h */,
				8548687A178E4E750014DD72 /* UITableViewFriendCell.m */,
				8548687B178E4E750014DD72 /* UIWaitingView.h */,
				8548687C178E4E750014DD72 /* UIWaitingView.m */,
				8548687D178E4E750014DD72 /* WordsLeftView.h */,
				8548687E178E4E750014DD72 /* WordsLeftView.m */,
			);
			path = RelayModule;
			sourceTree = "<group>";
		};
		8548688D178E4E750014DD72 /* SFHFKeychainUtils */ = {
			isa = PBXGroup;
			children = (
				8548688E178E4E750014DD72 /* SFHFKeychainUtils.h */,
				8548688F178E4E750014DD72 /* SFHFKeychainUtils.m */,
			);
			path = SFHFKeychainUtils;
			sourceTree = "<group>";
		};
		85486890178E4E750014DD72 /* TCWBEngine */ = {
			isa = PBXGroup;
			children = (
				85486891178E4E750014DD72 /* AuthorizeDelegate.h */,
				85486892178E4E750014DD72 /* AuthorizeDelegate.m */,
				85486893178E4E750014DD72 /* NSObject+WBUtil.h */,
				85486894178E4E750014DD72 /* NSObject+WBUtil.m */,
				85486895178E4E750014DD72 /* TCWBAuthorizeViewController.h */,
				85486896178E4E750014DD72 /* TCWBAuthorizeViewController.m */,
				85486897178E4E750014DD72 /* TCWBEngine.h */,
				85486898178E4E750014DD72 /* TCWBEngine.m */,
				85486899178E4E750014DD72 /* TCWBGlobalUtil.h */,
				8548689A178E4E750014DD72 /* TCWBRequest.h */,
				8548689B178E4E750014DD72 /* TCWBRequest.m */,
			);
			path = TCWBEngine;
			sourceTree = "<group>";
		};
		855082F7178A92BF007BACB3 /* Common */ = {
			isa = PBXGroup;
			children = (
				85508305178ACBC1007BACB3 /* NZNotificationCenter.h */,
				85508306178ACBC1007BACB3 /* NZNotificationCenter.m */,
				855082FB178A93EE007BACB3 /* FileManager.h */,
				855082FC178A93EE007BACB3 /* FileManager.m */,
				855082FE178A9A8E007BACB3 /* Config.h */,
				855082FF178A9DB6007BACB3 /* HttpManager.h */,
				85508300178A9DB6007BACB3 /* HttpManager.m */,
				85508302178AA530007BACB3 /* HttpRequest.h */,
				85508303178AA530007BACB3 /* HttpRequest.m */,
			);
			name = Common;
			sourceTree = "<group>";
		};
		8588A884178FA92A00191931 /* BaiduMap */ = {
			isa = PBXGroup;
			children = (
				8588A885178FA96900191931 /* inc */,
				8588A8A3178FA96900191931 /* libs */,
				8588A8A8178FA96900191931 /* mapapi.bundle */,
			);
			name = BaiduMap;
			sourceTree = "<group>";
		};
		8588A885178FA96900191931 /* inc */ = {
			isa = PBXGroup;
			children = (
				8588A886178FA96900191931 /* BMapKit.h */,
				8588A887178FA96900191931 /* BMKAnnotation.h */,
				8588A888178FA96900191931 /* BMKAnnotationView.h */,
				8588A889178FA96900191931 /* BMKCircle.h */,
				8588A88A178FA96900191931 /* BMKCircleView.h */,
				8588A88B178FA96900191931 /* BMKGeneralDelegate.h */,
				8588A88C178FA96900191931 /* BMKGeocodeType.h */,
				8588A88D178FA96900191931 /* BMKGeometry.h */,
				8588A88E178FA96900191931 /* BMKMapManager.h */,
				8588A88F178FA96900191931 /* BMKMapView.h */,
				8588A890178FA96900191931 /* BMKMultiPoint.h */,
				8588A891178FA96900191931 /* BMKOfflineMap.h */,
				8588A892178FA96900191931 /* BMKOfflineMapType.h */,
				8588A893178FA96900191931 /* BMKOverlay.h */,
				8588A894178FA96900191931 /* BMKOverlayPathView.h */,
				8588A895178FA96900191931 /* BMKOverlayView.h */,
				8588A896178FA96900191931 /* BMKPinAnnotationView.h */,
				8588A897178FA96900191931 /* BMKPointAnnotation.h */,
				8588A898178FA96900191931 /* BMKPoiSearchType.h */,
				8588A899178FA96900191931 /* BMKPolygon.h */,
				8588A89A178FA96900191931 /* BMKPolygonView.h */,
				8588A89B178FA96900191931 /* BMKPolyline.h */,
				8588A89C178FA96900191931 /* BMKPolylineView.h */,
				8588A89D178FA96900191931 /* BMKRouteSearchType.h */,
				8588A89E178FA96900191931 /* BMKSearch.h */,
				8588A89F178FA96900191931 /* BMKShape.h */,
				8588A8A0178FA96900191931 /* BMKTypes.h */,
				8588A8A1178FA96900191931 /* BMKUserLocation.h */,
				8588A8A2178FA96900191931 /* BMKVersion.h */,
			);
			name = inc;
			path = BaiduMap/inc;
			sourceTree = "<group>";
		};
		8588A8A3178FA96900191931 /* libs */ = {
			isa = PBXGroup;
			children = (
				8588A8A6178FA96900191931 /* Release-iphonesimulator */,
			);
			name = libs;
			path = BaiduMap/libs;
			sourceTree = "<group>";
		};
		8588A8A6178FA96900191931 /* Release-iphonesimulator */ = {
			isa = PBXGroup;
			children = (
				8588A8A7178FA96900191931 /* libbaidumapapi.a */,
			);
			path = "Release-iphonesimulator";
			sourceTree = "<group>";
		};
		85DA829D178BB1F800FCD1A2 /* Data */ = {
			isa = PBXGroup;
			children = (
				85556307178BFF7C007DB8C7 /* User.h */,
				85556308178BFF7C007DB8C7 /* User.m */,
				85556304178BFF7C007DB8C7 /* Comments.h */,
				85556305178BFF7C007DB8C7 /* Comments.m */,
				85556301178BFF7B007DB8C7 /* Feed.h */,
				85556302178BFF7B007DB8C7 /* Feed.m */,
				85DA829E178BB21D00FCD1A2 /* LocalModel.xcdatamodeld */,
				85DA82BB178BD80900FCD1A2 /* DataController.h */,
				85DA82BC178BD80900FCD1A2 /* DataController.m */,
			);
			name = Data;
			sourceTree = "<group>";
		};
		85DA82A5178BB9A900FCD1A2 /* Basic */ = {
			isa = PBXGroup;
			children = (
				85DA82A6178BB9DB00FCD1A2 /* BasicViewController.h */,
				85DA82A7178BB9DB00FCD1A2 /* BasicViewController.m */,
			);
			name = Basic;
			sourceTree = "<group>";
		};
		85DF3F6D177D8F6300DC0A7B /* SNSCache */ = {
			isa = PBXGroup;
			children = (
				85DF3F6E177D8FA700DC0A7B /* RenrenNewsCell.h */,
				85DF3F6F177D8FA700DC0A7B /* RenrenNewsCell.m */,
				85DF3F72177D980100DC0A7B /* WeiboNewsCell.h */,
				85DF3F73177D980100DC0A7B /* WeiboNewsCell.m */,
				85FC7D2C178D681B0069621C /* NewsCacheElement.h */,
				85FC7D2D178D681B0069621C /* NewsCacheElement.m */,
			);
			name = SNSCache;
			sourceTree = "<group>";
		};
		85EB0CD41781281B0023291C /* Cell */ = {
			isa = PBXGroup;
			children = (
				85122910178D06ED0013B6C8 /* SNSCellDelegate.h */,
				85FC7D29178D67E80069621C /* SNSNewsCellView.h */,
				85FC7D2A178D67E80069621C /* SNSNewsCellView.m */,
			);
			name = Cell;
			sourceTree = "<group>";
		};
/* End PBXGroup section */

/* Begin PBXNativeTarget section */
		852C2BFA177977AC005C1121 /* SNSBigBang */ = {
			isa = PBXNativeTarget;
			buildConfigurationList = 852C2C1E177977AC005C1121 /* Build configuration list for PBXNativeTarget "SNSBigBang" */;
			buildPhases = (
				852C2BF7177977AC005C1121 /* Sources */,
				852C2BF8177977AC005C1121 /* Frameworks */,
				852C2BF9177977AC005C1121 /* Resources */,
			);
			buildRules = (
			);
			dependencies = (
			);
			name = SNSBigBang;
			productName = SNSBigBang;
			productReference = 852C2BFB177977AC005C1121 /* SNSBigBang.app */;
			productType = "com.apple.product-type.application";
		};
/* End PBXNativeTarget section */

/* Begin PBXProject section */
		852C2BF3177977AC005C1121 /* Project object */ = {
			isa = PBXProject;
			attributes = {
				LastUpgradeCheck = 0460;
				ORGANIZATIONNAME = "張 寧";
			};
			buildConfigurationList = 852C2BF6177977AC005C1121 /* Build configuration list for PBXProject "SNSBigBang" */;
			compatibilityVersion = "Xcode 3.2";
			developmentRegion = English;
			hasScannedForEncodings = 0;
			knownRegions = (
				en,
				"zh-Hans",
				"zh-Hant",
			);
			mainGroup = 852C2BF2177977AC005C1121;
			productRefGroup = 852C2BFC177977AC005C1121 /* Products */;
			projectDirPath = "";
			projectRoot = "";
			targets = (
				852C2BFA177977AC005C1121 /* SNSBigBang */,
			);
		};
/* End PBXProject section */

/* Begin PBXResourcesBuildPhase section */
		852C2BF9177977AC005C1121 /* Resources */ = {
			isa = PBXResourcesBuildPhase;
			buildActionMask = 2147483647;
			files = (
				852C2C09177977AC005C1121 /* InfoPlist.strings in Resources */,
				852C2C11177977AC005C1121 /* Default.png in Resources */,
				852C2C13177977AC005C1121 /* Default@2x.png in Resources */,
				852C2C15177977AC005C1121 /* Default-568h@2x.png in Resources */,
				852C2C18177977AC005C1121 /* MainStoryboard.storyboard in Resources */,
				852C2F7917798227005C1121 /* SinaWeibo.bundle in Resources */,
				8547A354178A5E0800D0C616 /* RennSDK.bundle in Resources */,
				8548689E178E4E750014DD72 /* Language.strings in Resources */,
				854868A0178E4E750014DD72 /* comopose#@2x.png in Resources */,
				854868A1178E4E750014DD72 /* compose#.png in Resources */,
				854868A2178E4E750014DD72 /* compose#@2x.png in Resources */,
				854868A3178E4E750014DD72 /* compose#hover.png in Resources */,
				854868A4178E4E750014DD72 /* compose#hover@2x.png in Resources */,
				854868A5178E4E750014DD72 /* composeAt.png in Resources */,
				854868A6178E4E750014DD72 /* composeAt@2x.png in Resources */,
				854868A7178E4E750014DD72 /* composeAthover.png in Resources */,
				854868A8178E4E750014DD72 /* composeAthover@2x.png in Resources */,
				854868A9178E4E750014DD72 /* composeCameraEnable.png in Resources */,
				854868AA178E4E750014DD72 /* composeCameraEnable@2x.png in Resources */,
				854868AB178E4E750014DD72 /* composeCamerahover.png in Resources */,
				854868AC178E4E750014DD72 /* composeCamerahover@2x.png in Resources */,
				854868AD178E4E750014DD72 /* composedingwei.png in Resources */,
				854868AE178E4E750014DD72 /* composedingwei@2x.png in Resources */,
				854868AF178E4E750014DD72 /* composedingweihover.png in Resources */,
				854868B0178E4E750014DD72 /* composedingweihover@2x.png in Resources */,
				854868B1178E4E750014DD72 /* composeEmotionBg.png in Resources */,
				854868B2178E4E750014DD72 /* composeEmotionBg@2x.png in Resources */,
				854868B3178E4E750014DD72 /* composehuatiinput.png in Resources */,
				854868B4178E4E750014DD72 /* composehuatiinput@2x.png in Resources */,
				854868B5178E4E750014DD72 /* composeiconbg.png in Resources */,
				854868B6178E4E750014DD72 /* composeiconbg@2x.png in Resources */,
				854868B7178E4E750014DD72 /* composeImageDel.png in Resources */,
				854868B8178E4E750014DD72 /* composeImageDel@2x.png in Resources */,
				854868B9178E4E750014DD72 /* composeImageFrame.png in Resources */,
				854868BA178E4E750014DD72 /* composeImageFrame@2x.png in Resources */,
				854868BB178E4E750014DD72 /* composeloadingbtn.png in Resources */,
				854868BC178E4E750014DD72 /* composeloadingbtn@2x.png in Resources */,
				854868BD178E4E750014DD72 /* composepic_biankuang.png in Resources */,
				854868BE178E4E750014DD72 /* composepic_biankuang@2x.png in Resources */,
				854868BF178E4E750014DD72 /* composequxiaobtn.png in Resources */,
				854868C0178E4E750014DD72 /* composequxiaobtn@2x.png in Resources */,
				854868C1178E4E750014DD72 /* composereturnbtn.png in Resources */,
				854868C2178E4E750014DD72 /* composereturnbtn@2x.png in Resources */,
				854868C3178E4E750014DD72 /* composesentbtn.png in Resources */,
				854868C4178E4E750014DD72 /* composesentbtn@2x.png in Resources */,
				854868C5178E4E750014DD72 /* composesentbtnhover.png in Resources */,
				854868C6178E4E750014DD72 /* composesentbtnhover@2x.png in Resources */,
				854868C7178E4E750014DD72 /* composeupbg.png in Resources */,
				854868C8178E4E750014DD72 /* composeupbg@2x.png in Resources */,
				854868C9178E4E750014DD72 /* composevideo_pic.png in Resources */,
				854868CA178E4E750014DD72 /* composevideo_pic@2x.png in Resources */,
				854868CB178E4E750014DD72 /* composeWords.png in Resources */,
				854868CC178E4E750014DD72 /* composeWords@2x.png in Resources */,
				854868CD178E4E750014DD72 /* friendPortrait.png in Resources */,
				854868CE178E4E750014DD72 /* friendPortrait@2x.png in Resources */,
				854868CF178E4E750014DD72 /* netError.png in Resources */,
				854868D0178E4E750014DD72 /* netError@2x.png in Resources */,
				854868D1178E4E750014DD72 /* repeatVideoStarticon.png in Resources */,
				854868D2178E4E750014DD72 /* repeatVideoStarticon@2x.png in Resources */,
				854868D3178E4E750014DD72 /* separatorLine.png in Resources */,
				854868D4178E4E750014DD72 /* separatorLine@2x.png in Resources */,
				854868D5178E4E750014DD72 /* test.png in Resources */,
				854868D6178E4E750014DD72 /* test@2x.png in Resources */,
				8588A8AB178FA96900191931 /* mapapi.bundle in Resources */,
			);
			runOnlyForDeploymentPostprocessing = 0;
		};
/* End PBXResourcesBuildPhase section */

/* Begin PBXSourcesBuildPhase section */
		852C2BF7177977AC005C1121 /* Sources */ = {
			isa = PBXSourcesBuildPhase;
			buildActionMask = 2147483647;
			files = (
				852C2C0B177977AC005C1121 /* main.m in Sources */,
				852C2C0F177977AC005C1121 /* AppDelegate.mm in Sources */,
				852C2F7817798227005C1121 /* JSONKit.m in Sources */,
				852C2F7A17798227005C1121 /* SinaWeibo.m in Sources */,
				852C2F7B17798227005C1121 /* SinaWeiboAuthorizeView.m in Sources */,
				852C2F7C17798227005C1121 /* SinaWeiboRequest.m in Sources */,
				852C2F8617799206005C1121 /* SNSUtility.m in Sources */,
				852C2F8B17799B00005C1121 /* RenrenViewController.m in Sources */,
				858EE5EC177A92F4000FF384 /* WeiboViewController.m in Sources */,
				858EE5EF177AAECB000FF384 /* WeChatViewController.m in Sources */,
				85DF3F70177D8FA700DC0A7B /* RenrenNewsCell.m in Sources */,
				85DF3F74177D980100DC0A7B /* WeiboNewsCell.m in Sources */,
				8547A350178A579400D0C616 /* MainViewController.m in Sources */,
				855082FD178A93EE007BACB3 /* FileManager.m in Sources */,
				85508301178A9DB6007BACB3 /* HttpManager.m in Sources */,
				85508304178AA530007BACB3 /* HttpRequest.m in Sources */,
				85508307178ACBC1007BACB3 /* NZNotificationCenter.m in Sources */,
				85DA82A0178BB21D00FCD1A2 /* LocalModel.xcdatamodeld in Sources */,
				85DA82A8178BB9DB00FCD1A2 /* BasicViewController.m in Sources */,
				85DA82BD178BD80900FCD1A2 /* DataController.m in Sources */,
				85556303178BFF7B007DB8C7 /* Feed.m in Sources */,
				85556306178BFF7C007DB8C7 /* Comments.m in Sources */,
				85556309178BFF7C007DB8C7 /* User.m in Sources */,
				85FC7D24178D5B960069621C /* DetailInfoViewController.mm in Sources */,
				85FC7D2B178D67E90069621C /* SNSNewsCellView.m in Sources */,
				85FC7D2E178D681C0069621C /* NewsCacheElement.m in Sources */,
				8548689F178E4E750014DD72 /* GetIPAddress.m in Sources */,
				854868D7178E4E750014DD72 /* ImageDownloader.m in Sources */,
				854868D8178E4E750014DD72 /* TCWBRepeatViewController.m in Sources */,
				854868D9178E4E750014DD72 /* AttachedPictureCtrlView.m in Sources */,
				854868DA178E4E750014DD72 /* AttachedPictureView.m in Sources */,
				854868DB178E4E750014DD72 /* contractibleImageView.m in Sources */,
				854868DC178E4E750014DD72 /* FileStreame.m in Sources */,
				854868DD178E4E750014DD72 /* pinyin.c in Sources */,
				854868DE178E4E750014DD72 /* Reachability.m in Sources */,
				854868DF178E4E750014DD72 /* RegexKitLite.m in Sources */,
				854868E0178E4E750014DD72 /* TCWBFriendViewController.m in Sources */,
				854868E1178E4E750014DD72 /* TCWBRebroadcastMsgViewController.m in Sources */,
				854868E2178E4E750014DD72 /* TCWBTopicViewController.m in Sources */,
				854868E3178E4E750014DD72 /* UIImage+rotate.m in Sources */,
				854868E4178E4E750014DD72 /* UINoteView.m in Sources */,
				854868E5178E4E750014DD72 /* UITableViewFriendCell.m in Sources */,
				854868E6178E4E750014DD72 /* UIWaitingView.m in Sources */,
				854868E7178E4E750014DD72 /* WordsLeftView.m in Sources */,
				854868EE178E4E750014DD72 /* SFHFKeychainUtils.m in Sources */,
				854868EF178E4E750014DD72 /* AuthorizeDelegate.m in Sources */,
				854868F0178E4E750014DD72 /* NSObject+WBUtil.m in Sources */,
				854868F1178E4E750014DD72 /* TCWBAuthorizeViewController.m in Sources */,
				854868F2178E4E750014DD72 /* TCWBEngine.m in Sources */,
				854868F3178E4E750014DD72 /* TCWBRequest.m in Sources */,
				85486902178E62470014DD72 /* TencentWeiboViewController.m in Sources */,
			);
			runOnlyForDeploymentPostprocessing = 0;
		};
/* End PBXSourcesBuildPhase section */

/* Begin PBXVariantGroup section */
		852C2C07177977AC005C1121 /* InfoPlist.strings */ = {
			isa = PBXVariantGroup;
			children = (
				852C2C08177977AC005C1121 /* en */,
			);
			name = InfoPlist.strings;
			sourceTree = "<group>";
		};
		852C2C16177977AC005C1121 /* MainStoryboard.storyboard */ = {
			isa = PBXVariantGroup;
			children = (
				852C2C17177977AC005C1121 /* en */,
			);
			name = MainStoryboard.storyboard;
			sourceTree = "<group>";
		};
		8548681D178E4E750014DD72 /* Language.strings */ = {
			isa = PBXVariantGroup;
			children = (
				8548681E178E4E750014DD72 /* en */,
				8548689C178E4E750014DD72 /* zh-Hans */,
				8548689D178E4E750014DD72 /* zh-Hant */,
			);
			name = Language.strings;
			sourceTree = "<group>";
		};
/* End PBXVariantGroup section */

/* Begin XCBuildConfiguration section */
		852C2C1C177977AC005C1121 /* Debug */ = {
			isa = XCBuildConfiguration;
			buildSettings = {
				ALWAYS_SEARCH_USER_PATHS = NO;
				CLANG_CXX_LANGUAGE_STANDARD = "gnu++0x";
				CLANG_CXX_LIBRARY = "libc++";
				CLANG_ENABLE_OBJC_ARC = YES;
				CLANG_WARN_CONSTANT_CONVERSION = YES;
				CLANG_WARN_EMPTY_BODY = YES;
				CLANG_WARN_ENUM_CONVERSION = YES;
				CLANG_WARN_INT_CONVERSION = YES;
				CLANG_WARN__DUPLICATE_METHOD_MATCH = YES;
				"CODE_SIGN_IDENTITY[sdk=iphoneos*]" = "iPhone Developer";
				COPY_PHASE_STRIP = NO;
				GCC_C_LANGUAGE_STANDARD = gnu99;
				GCC_DYNAMIC_NO_PIC = NO;
				GCC_OPTIMIZATION_LEVEL = 0;
				GCC_PREPROCESSOR_DEFINITIONS = (
					"DEBUG=1",
					"$(inherited)",
				);
				GCC_SYMBOLS_PRIVATE_EXTERN = NO;
				GCC_WARN_ABOUT_RETURN_TYPE = YES;
				GCC_WARN_UNINITIALIZED_AUTOS = YES;
				GCC_WARN_UNUSED_VARIABLE = YES;
				IPHONEOS_DEPLOYMENT_TARGET = 6.1;
				ONLY_ACTIVE_ARCH = YES;
				SDKROOT = iphoneos;
			};
			name = Debug;
		};
		852C2C1D177977AC005C1121 /* Release */ = {
			isa = XCBuildConfiguration;
			buildSettings = {
				ALWAYS_SEARCH_USER_PATHS = NO;
				CLANG_CXX_LANGUAGE_STANDARD = "gnu++0x";
				CLANG_CXX_LIBRARY = "libc++";
				CLANG_ENABLE_OBJC_ARC = YES;
				CLANG_WARN_CONSTANT_CONVERSION = YES;
				CLANG_WARN_EMPTY_BODY = YES;
				CLANG_WARN_ENUM_CONVERSION = YES;
				CLANG_WARN_INT_CONVERSION = YES;
				CLANG_WARN__DUPLICATE_METHOD_MATCH = YES;
				"CODE_SIGN_IDENTITY[sdk=iphoneos*]" = "iPhone Developer";
				COPY_PHASE_STRIP = YES;
				GCC_C_LANGUAGE_STANDARD = gnu99;
				GCC_WARN_ABOUT_RETURN_TYPE = YES;
				GCC_WARN_UNINITIALIZED_AUTOS = YES;
				GCC_WARN_UNUSED_VARIABLE = YES;
				IPHONEOS_DEPLOYMENT_TARGET = 6.1;
				OTHER_CFLAGS = "-DNS_BLOCK_ASSERTIONS=1";
				SDKROOT = iphoneos;
				VALIDATE_PRODUCT = YES;
			};
			name = Release;
		};
		852C2C1F177977AC005C1121 /* Debug */ = {
			isa = XCBuildConfiguration;
			buildSettings = {
				CLANG_ENABLE_OBJC_ARC = YES;
				FRAMEWORK_SEARCH_PATHS = (
					"$(inherited)",
					"\"$(SRCROOT)/SNSBigBang/SNSLibrary/RenRen\"",
				);
				GCC_PRECOMPILE_PREFIX_HEADER = YES;
				GCC_PREFIX_HEADER = "SNSBigBang/SNSBigBang-Prefix.pch";
				INFOPLIST_FILE = "SNSBigBang/SNSBigBang-Info.plist";
				IPHONEOS_DEPLOYMENT_TARGET = 5.0;
				LIBRARY_SEARCH_PATHS = (
					"$(inherited)",
					"\"$(SRCROOT)/SNSBigBang/SNSLibrary/WeiXin\"",
					"\"$(SRCROOT)/SNSBigBang/BaiduMap/libs/Release-iphonesimulator\"",
					"\"$(SRCROOT)/SNSBigBang/BaiduMap/libs/Release-iphoneos\"",
					"\"$(SRCROOT)/SNSBigBang/SNSLibrary/WeChat\"",
				);
				OTHER_LDFLAGS = "";
				PRODUCT_NAME = "$(TARGET_NAME)";
				WRAPPER_EXTENSION = app;
			};
			name = Debug;
		};
		852C2C20177977AC005C1121 /* Release */ = {
			isa = XCBuildConfiguration;
			buildSettings = {
				CLANG_ENABLE_OBJC_ARC = YES;
				FRAMEWORK_SEARCH_PATHS = (
					"$(inherited)",
					"\"$(SRCROOT)/SNSBigBang/SNSLibrary/RenRen\"",
				);
				GCC_PRECOMPILE_PREFIX_HEADER = YES;
				GCC_PREFIX_HEADER = "SNSBigBang/SNSBigBang-Prefix.pch";
				INFOPLIST_FILE = "SNSBigBang/SNSBigBang-Info.plist";
				IPHONEOS_DEPLOYMENT_TARGET = 5.0;
				LIBRARY_SEARCH_PATHS = (
					"$(inherited)",
					"\"$(SRCROOT)/SNSBigBang/SNSLibrary/WeiXin\"",
					"\"$(SRCROOT)/SNSBigBang/BaiduMap/libs/Release-iphonesimulator\"",
					"\"$(SRCROOT)/SNSBigBang/BaiduMap/libs/Release-iphoneos\"",
					"\"$(SRCROOT)/SNSBigBang/SNSLibrary/WeChat\"",
				);
				OTHER_LDFLAGS = "";
				PRODUCT_NAME = "$(TARGET_NAME)";
				WRAPPER_EXTENSION = app;
			};
			name = Release;
		};
/* End XCBuildConfiguration section */

/* Begin XCConfigurationList section */
		852C2BF6177977AC005C1121 /* Build configuration list for PBXProject "SNSBigBang" */ = {
			isa = XCConfigurationList;
			buildConfigurations = (
				852C2C1C177977AC005C1121 /* Debug */,
				852C2C1D177977AC005C1121 /* Release */,
			);
			defaultConfigurationIsVisible = 0;
			defaultConfigurationName = Release;
		};
		852C2C1E177977AC005C1121 /* Build configuration list for PBXNativeTarget "SNSBigBang" */ = {
			isa = XCConfigurationList;
			buildConfigurations = (
				852C2C1F177977AC005C1121 /* Debug */,
				852C2C20177977AC005C1121 /* Release */,
			);
			defaultConfigurationIsVisible = 0;
			defaultConfigurationName = Release;
		};
/* End XCConfigurationList section */

/* Begin XCVersionGroup section */
		85DA829E178BB21D00FCD1A2 /* LocalModel.xcdatamodeld */ = {
			isa = XCVersionGroup;
			children = (
				85DA829F178BB21D00FCD1A2 /* LocalModel.xcdatamodel */,
			);
			currentVersion = 85DA829F178BB21D00FCD1A2 /* LocalModel.xcdatamodel */;
			name = LocalModel.xcdatamodeld;
			path = Data/LocalModel.xcdatamodeld;
			sourceTree = "<group>";
			versionGroupType = wrapper.xcdatamodel;
		};
/* End XCVersionGroup section */
	};
	rootObject = 852C2BF3177977AC005C1121 /* Project object */;
}
