// !$*UTF8*$!
{
	archiveVersion = 1;
	classes = {
	};
	objectVersion = 46;
	objects = {

/* Begin PBXBuildFile section */
		8503287B1786B26C00C3774C /* WeiboCell.m in Sources */ = {isa = PBXBuildFile; fileRef = 8503287A1786B26C00C3774C /* WeiboCell.m */; };
		852C2BFF177977AC005C1121 /* UIKit.framework in Frameworks */ = {isa = PBXBuildFile; fileRef = 852C2BFE177977AC005C1121 /* UIKit.framework */; };
		852C2C01177977AC005C1121 /* Foundation.framework in Frameworks */ = {isa = PBXBuildFile; fileRef = 852C2C00177977AC005C1121 /* Foundation.framework */; };
		852C2C03177977AC005C1121 /* CoreGraphics.framework in Frameworks */ = {isa = PBXBuildFile; fileRef = 852C2C02177977AC005C1121 /* CoreGraphics.framework */; };
		852C2C09177977AC005C1121 /* InfoPlist.strings in Resources */ = {isa = PBXBuildFile; fileRef = 852C2C07177977AC005C1121 /* InfoPlist.strings */; };
		852C2C0B177977AC005C1121 /* main.m in Sources */ = {isa = PBXBuildFile; fileRef = 852C2C0A177977AC005C1121 /* main.m */; };
		852C2C0F177977AC005C1121 /* AppDelegate.m in Sources */ = {isa = PBXBuildFile; fileRef = 852C2C0E177977AC005C1121 /* AppDelegate.m */; };
		852C2C11177977AC005C1121 /* Default.png in Resources */ = {isa = PBXBuildFile; fileRef = 852C2C10177977AC005C1121 /* Default.png */; };
		852C2C13177977AC005C1121 /* Default@2x.png in Resources */ = {isa = PBXBuildFile; fileRef = 852C2C12177977AC005C1121 /* Default@2x.png */; };
		852C2C15177977AC005C1121 /* Default-568h@2x.png in Resources */ = {isa = PBXBuildFile; fileRef = 852C2C14177977AC005C1121 /* Default-568h@2x.png */; };
		852C2C18177977AC005C1121 /* MainStoryboard.storyboard in Resources */ = {isa = PBXBuildFile; fileRef = 852C2C16177977AC005C1121 /* MainStoryboard.storyboard */; };
		852C2F6A17798092005C1121 /* libsqlite3.0.dylib in Frameworks */ = {isa = PBXBuildFile; fileRef = 852C2F6917798092005C1121 /* libsqlite3.0.dylib */; };
		852C2F7817798227005C1121 /* JSONKit.m in Sources */ = {isa = PBXBuildFile; fileRef = 852C2F6E17798227005C1121 /* JSONKit.m */; settings = {COMPILER_FLAGS = "-fno-objc-arc"; }; };
		852C2F7917798227005C1121 /* SinaWeibo.bundle in Resources */ = {isa = PBXBuildFile; fileRef = 852C2F7017798227005C1121 /* SinaWeibo.bundle */; };
		852C2F7A17798227005C1121 /* SinaWeibo.m in Sources */ = {isa = PBXBuildFile; fileRef = 852C2F7217798227005C1121 /* SinaWeibo.m */; settings = {COMPILER_FLAGS = "-fno-objc-arc"; }; };
		852C2F7B17798227005C1121 /* SinaWeiboAuthorizeView.m in Sources */ = {isa = PBXBuildFile; fileRef = 852C2F7417798227005C1121 /* SinaWeiboAuthorizeView.m */; settings = {COMPILER_FLAGS = "-fno-objc-arc"; }; };
		852C2F7C17798227005C1121 /* SinaWeiboRequest.m in Sources */ = {isa = PBXBuildFile; fileRef = 852C2F7717798227005C1121 /* SinaWeiboRequest.m */; settings = {COMPILER_FLAGS = "-fno-objc-arc"; }; };
		852C2F82177983B9005C1121 /* libWeChatSDK.a in Frameworks */ = {isa = PBXBuildFile; fileRef = 852C2F7E177983B9005C1121 /* libWeChatSDK.a */; };
		852C2F83177983B9005C1121 /* libWeChatSDK_armv7_armv7s.a in Frameworks */ = {isa = PBXBuildFile; fileRef = 852C2F7F177983B9005C1121 /* libWeChatSDK_armv7_armv7s.a */; };
		852C2F8617799206005C1121 /* SNSUtility.m in Sources */ = {isa = PBXBuildFile; fileRef = 852C2F8517799204005C1121 /* SNSUtility.m */; };
		852C2F8B17799B00005C1121 /* RenrenViewController.m in Sources */ = {isa = PBXBuildFile; fileRef = 852C2F8A17799B00005C1121 /* RenrenViewController.m */; };
		8547A350178A579400D0C616 /* MainViewController.m in Sources */ = {isa = PBXBuildFile; fileRef = 8547A34F178A579400D0C616 /* MainViewController.m */; };
		8547A353178A5E0800D0C616 /* RennSDK.framework in Frameworks */ = {isa = PBXBuildFile; fileRef = 8547A351178A5E0800D0C616 /* RennSDK.framework */; };
		8547A354178A5E0800D0C616 /* RennSDK.bundle in Resources */ = {isa = PBXBuildFile; fileRef = 8547A352178A5E0800D0C616 /* RennSDK.bundle */; };
		855082FD178A93EE007BACB3 /* FileManager.m in Sources */ = {isa = PBXBuildFile; fileRef = 855082FC178A93EE007BACB3 /* FileManager.m */; };
		85508301178A9DB6007BACB3 /* HttpManager.m in Sources */ = {isa = PBXBuildFile; fileRef = 85508300178A9DB6007BACB3 /* HttpManager.m */; };
		85508304178AA530007BACB3 /* HttpRequest.m in Sources */ = {isa = PBXBuildFile; fileRef = 85508303178AA530007BACB3 /* HttpRequest.m */; };
		85508307178ACBC1007BACB3 /* NZNotificationCenter.m in Sources */ = {isa = PBXBuildFile; fileRef = 85508306178ACBC1007BACB3 /* NZNotificationCenter.m */; };
		85556303178BFF7B007DB8C7 /* Feed.m in Sources */ = {isa = PBXBuildFile; fileRef = 85556302178BFF7B007DB8C7 /* Feed.m */; };
		85556306178BFF7C007DB8C7 /* Comments.m in Sources */ = {isa = PBXBuildFile; fileRef = 85556305178BFF7C007DB8C7 /* Comments.m */; };
		85556309178BFF7C007DB8C7 /* User.m in Sources */ = {isa = PBXBuildFile; fileRef = 85556308178BFF7C007DB8C7 /* User.m */; };
		858EE5EC177A92F4000FF384 /* WeiboViewController.m in Sources */ = {isa = PBXBuildFile; fileRef = 858EE5EB177A92F4000FF384 /* WeiboViewController.m */; };
		858EE5EF177AAECB000FF384 /* WeChatViewController.m in Sources */ = {isa = PBXBuildFile; fileRef = 858EE5EE177AAECA000FF384 /* WeChatViewController.m */; };
		85DA82A0178BB21D00FCD1A2 /* LocalModel.xcdatamodeld in Sources */ = {isa = PBXBuildFile; fileRef = 85DA829E178BB21D00FCD1A2 /* LocalModel.xcdatamodeld */; };
		85DA82A8178BB9DB00FCD1A2 /* BasicViewController.m in Sources */ = {isa = PBXBuildFile; fileRef = 85DA82A7178BB9DB00FCD1A2 /* BasicViewController.m */; };
		85DA82BD178BD80900FCD1A2 /* DataController.m in Sources */ = {isa = PBXBuildFile; fileRef = 85DA82BC178BD80900FCD1A2 /* DataController.m */; };
		85DA82C0178BDB5900FCD1A2 /* CoreData.framework in Frameworks */ = {isa = PBXBuildFile; fileRef = 85DA82BE178BDB2C00FCD1A2 /* CoreData.framework */; };
		85DF3F70177D8FA700DC0A7B /* RenrenNewsCell.m in Sources */ = {isa = PBXBuildFile; fileRef = 85DF3F6F177D8FA700DC0A7B /* RenrenNewsCell.m */; };
		85DF3F74177D980100DC0A7B /* WeiboNewsCell.m in Sources */ = {isa = PBXBuildFile; fileRef = 85DF3F73177D980100DC0A7B /* WeiboNewsCell.m */; };
		85EB0CDA178128800023291C /* RenrenCell.m in Sources */ = {isa = PBXBuildFile; fileRef = 85EB0CD9178128800023291C /* RenrenCell.m */; };
		85FC7D21178D4E570069621C /* QuartzCore.framework in Frameworks */ = {isa = PBXBuildFile; fileRef = 85FC7D1F178D4E4A0069621C /* QuartzCore.framework */; };
		85FC7D24178D5B960069621C /* DetailInfoViewController.m in Sources */ = {isa = PBXBuildFile; fileRef = 85FC7D23178D5B960069621C /* DetailInfoViewController.m */; };
		85FC7D2B178D67E90069621C /* SNSNewsCellView.m in Sources */ = {isa = PBXBuildFile; fileRef = 85FC7D2A178D67E80069621C /* SNSNewsCellView.m */; };
		85FC7D2E178D681C0069621C /* NewsCacheElement.m in Sources */ = {isa = PBXBuildFile; fileRef = 85FC7D2D178D681B0069621C /* NewsCacheElement.m */; };
/* End PBXBuildFile section */

/* Begin PBXFileReference section */
		850328791786B26C00C3774C /* WeiboCell.h */ = {isa = PBXFileReference; fileEncoding = 4; lastKnownFileType = sourcecode.c.h; name = WeiboCell.h; path = UI/Cell/WeiboCell.h; sourceTree = "<group>"; };
		8503287A1786B26C00C3774C /* WeiboCell.m */ = {isa = PBXFileReference; fileEncoding = 4; lastKnownFileType = sourcecode.c.objc; name = WeiboCell.m; path = UI/Cell/WeiboCell.m; sourceTree = "<group>"; };
		85122910178D06ED0013B6C8 /* SNSCellDelegate.h */ = {isa = PBXFileReference; lastKnownFileType = sourcecode.c.h; name = SNSCellDelegate.h; path = UI/Cell/SNSCellDelegate.h; sourceTree = "<group>"; };
		852C2BFB177977AC005C1121 /* SNSBigBang.app */ = {isa = PBXFileReference; explicitFileType = wrapper.application; includeInIndex = 0; path = SNSBigBang.app; sourceTree = BUILT_PRODUCTS_DIR; };
		852C2BFE177977AC005C1121 /* UIKit.framework */ = {isa = PBXFileReference; lastKnownFileType = wrapper.framework; name = UIKit.framework; path = System/Library/Frameworks/UIKit.framework; sourceTree = SDKROOT; };
		852C2C00177977AC005C1121 /* Foundation.framework */ = {isa = PBXFileReference; lastKnownFileType = wrapper.framework; name = Foundation.framework; path = System/Library/Frameworks/Foundation.framework; sourceTree = SDKROOT; };
		852C2C02177977AC005C1121 /* CoreGraphics.framework */ = {isa = PBXFileReference; lastKnownFileType = wrapper.framework; name = CoreGraphics.framework; path = System/Library/Frameworks/CoreGraphics.framework; sourceTree = SDKROOT; };
		852C2C06177977AC005C1121 /* SNSBigBang-Info.plist */ = {isa = PBXFileReference; lastKnownFileType = text.plist.xml; path = "SNSBigBang-Info.plist"; sourceTree = "<group>"; };
		852C2C08177977AC005C1121 /* en */ = {isa = PBXFileReference; lastKnownFileType = text.plist.strings; name = en; path = en.lproj/InfoPlist.strings; sourceTree = "<group>"; };
		852C2C0A177977AC005C1121 /* main.m */ = {isa = PBXFileReference; lastKnownFileType = sourcecode.c.objc; path = main.m; sourceTree = "<group>"; };
		852C2C0C177977AC005C1121 /* SNSBigBang-Prefix.pch */ = {isa = PBXFileReference; lastKnownFileType = sourcecode.c.h; path = "SNSBigBang-Prefix.pch"; sourceTree = "<group>"; };
		852C2C0D177977AC005C1121 /* AppDelegate.h */ = {isa = PBXFileReference; lastKnownFileType = sourcecode.c.h; path = AppDelegate.h; sourceTree = "<group>"; };
		852C2C0E177977AC005C1121 /* AppDelegate.m */ = {isa = PBXFileReference; lastKnownFileType = sourcecode.c.objc; path = AppDelegate.m; sourceTree = "<group>"; };
		852C2C10177977AC005C1121 /* Default.png */ = {isa = PBXFileReference; lastKnownFileType = image.png; path = Default.png; sourceTree = "<group>"; };
		852C2C12177977AC005C1121 /* Default@2x.png */ = {isa = PBXFileReference; lastKnownFileType = image.png; path = "Default@2x.png"; sourceTree = "<group>"; };
		852C2C14177977AC005C1121 /* Default-568h@2x.png */ = {isa = PBXFileReference; lastKnownFileType = image.png; path = "Default-568h@2x.png"; sourceTree = "<group>"; };
		852C2C17177977AC005C1121 /* en */ = {isa = PBXFileReference; lastKnownFileType = file.storyboard; name = en; path = en.lproj/MainStoryboard.storyboard; sourceTree = "<group>"; };
		852C2F6917798092005C1121 /* libsqlite3.0.dylib */ = {isa = PBXFileReference; lastKnownFileType = "compiled.mach-o.dylib"; name = libsqlite3.0.dylib; path = usr/lib/libsqlite3.0.dylib; sourceTree = SDKROOT; };
		852C2F6D17798227005C1121 /* JSONKit.h */ = {isa = PBXFileReference; fileEncoding = 4; lastKnownFileType = sourcecode.c.h; path = JSONKit.h; sourceTree = "<group>"; };
		852C2F6E17798227005C1121 /* JSONKit.m */ = {isa = PBXFileReference; fileEncoding = 4; lastKnownFileType = sourcecode.c.objc; path = JSONKit.m; sourceTree = "<group>"; };
		852C2F7017798227005C1121 /* SinaWeibo.bundle */ = {isa = PBXFileReference; lastKnownFileType = "wrapper.plug-in"; path = SinaWeibo.bundle; sourceTree = "<group>"; };
		852C2F7117798227005C1121 /* SinaWeibo.h */ = {isa = PBXFileReference; fileEncoding = 4; lastKnownFileType = sourcecode.c.h; path = SinaWeibo.h; sourceTree = "<group>"; };
		852C2F7217798227005C1121 /* SinaWeibo.m */ = {isa = PBXFileReference; fileEncoding = 4; lastKnownFileType = sourcecode.c.objc; path = SinaWeibo.m; sourceTree = "<group>"; };
		852C2F7317798227005C1121 /* SinaWeiboAuthorizeView.h */ = {isa = PBXFileReference; fileEncoding = 4; lastKnownFileType = sourcecode.c.h; path = SinaWeiboAuthorizeView.h; sourceTree = "<group>"; };
		852C2F7417798227005C1121 /* SinaWeiboAuthorizeView.m */ = {isa = PBXFileReference; fileEncoding = 4; lastKnownFileType = sourcecode.c.objc; path = SinaWeiboAuthorizeView.m; sourceTree = "<group>"; };
		852C2F7517798227005C1121 /* SinaWeiboConstants.h */ = {isa = PBXFileReference; fileEncoding = 4; lastKnownFileType = sourcecode.c.h; path = SinaWeiboConstants.h; sourceTree = "<group>"; };
		852C2F7617798227005C1121 /* SinaWeiboRequest.h */ = {isa = PBXFileReference; fileEncoding = 4; lastKnownFileType = sourcecode.c.h; path = SinaWeiboRequest.h; sourceTree = "<group>"; };
		852C2F7717798227005C1121 /* SinaWeiboRequest.m */ = {isa = PBXFileReference; fileEncoding = 4; lastKnownFileType = sourcecode.c.objc; path = SinaWeiboRequest.m; sourceTree = "<group>"; };
		852C2F7E177983B9005C1121 /* libWeChatSDK.a */ = {isa = PBXFileReference; lastKnownFileType = archive.ar; path = libWeChatSDK.a; sourceTree = "<group>"; };
		852C2F7F177983B9005C1121 /* libWeChatSDK_armv7_armv7s.a */ = {isa = PBXFileReference; lastKnownFileType = archive.ar; path = libWeChatSDK_armv7_armv7s.a; sourceTree = "<group>"; };
		852C2F80177983B9005C1121 /* WXApi.h */ = {isa = PBXFileReference; fileEncoding = 4; lastKnownFileType = sourcecode.c.h; path = WXApi.h; sourceTree = "<group>"; };
		852C2F81177983B9005C1121 /* WXApiObject.h */ = {isa = PBXFileReference; fileEncoding = 4; lastKnownFileType = sourcecode.c.h; path = WXApiObject.h; sourceTree = "<group>"; };
		852C2F8417799203005C1121 /* SNSUtility.h */ = {isa = PBXFileReference; fileEncoding = 4; lastKnownFileType = sourcecode.c.h; path = SNSUtility.h; sourceTree = "<group>"; };
		852C2F8517799204005C1121 /* SNSUtility.m */ = {isa = PBXFileReference; fileEncoding = 4; lastKnownFileType = sourcecode.c.objc; path = SNSUtility.m; sourceTree = "<group>"; };
		852C2F8917799B00005C1121 /* RenrenViewController.h */ = {isa = PBXFileReference; fileEncoding = 4; lastKnownFileType = sourcecode.c.h; name = RenrenViewController.h; path = UI/RenrenViewController.h; sourceTree = "<group>"; };
		852C2F8A17799B00005C1121 /* RenrenViewController.m */ = {isa = PBXFileReference; fileEncoding = 4; lastKnownFileType = sourcecode.c.objc; name = RenrenViewController.m; path = UI/RenrenViewController.m; sourceTree = "<group>"; };
		8547A34E178A579400D0C616 /* MainViewController.h */ = {isa = PBXFileReference; fileEncoding = 4; lastKnownFileType = sourcecode.c.h; path = MainViewController.h; sourceTree = "<group>"; };
		8547A34F178A579400D0C616 /* MainViewController.m */ = {isa = PBXFileReference; fileEncoding = 4; lastKnownFileType = sourcecode.c.objc; path = MainViewController.m; sourceTree = "<group>"; };
		8547A351178A5E0800D0C616 /* RennSDK.framework */ = {isa = PBXFileReference; lastKnownFileType = wrapper.framework; path = RennSDK.framework; sourceTree = "<group>"; };
		8547A352178A5E0800D0C616 /* RennSDK.bundle */ = {isa = PBXFileReference; lastKnownFileType = "wrapper.plug-in"; path = RennSDK.bundle; sourceTree = "<group>"; };
		855082FB178A93EE007BACB3 /* FileManager.h */ = {isa = PBXFileReference; fileEncoding = 4; lastKnownFileType = sourcecode.c.h; name = FileManager.h; path = Common/FileManager.h; sourceTree = "<group>"; };
		855082FC178A93EE007BACB3 /* FileManager.m */ = {isa = PBXFileReference; fileEncoding = 4; lastKnownFileType = sourcecode.c.objc; name = FileManager.m; path = Common/FileManager.m; sourceTree = "<group>"; };
		855082FE178A9A8E007BACB3 /* Config.h */ = {isa = PBXFileReference; lastKnownFileType = sourcecode.c.h; name = Config.h; path = Common/Config.h; sourceTree = "<group>"; };
		855082FF178A9DB6007BACB3 /* HttpManager.h */ = {isa = PBXFileReference; fileEncoding = 4; lastKnownFileType = sourcecode.c.h; name = HttpManager.h; path = Common/HttpManager.h; sourceTree = "<group>"; };
		85508300178A9DB6007BACB3 /* HttpManager.m */ = {isa = PBXFileReference; fileEncoding = 4; lastKnownFileType = sourcecode.c.objc; name = HttpManager.m; path = Common/HttpManager.m; sourceTree = "<group>"; };
		85508302178AA530007BACB3 /* HttpRequest.h */ = {isa = PBXFileReference; fileEncoding = 4; lastKnownFileType = sourcecode.c.h; name = HttpRequest.h; path = Common/HttpRequest.h; sourceTree = "<group>"; };
		85508303178AA530007BACB3 /* HttpRequest.m */ = {isa = PBXFileReference; fileEncoding = 4; lastKnownFileType = sourcecode.c.objc; name = HttpRequest.m; path = Common/HttpRequest.m; sourceTree = "<group>"; };
		85508305178ACBC1007BACB3 /* NZNotificationCenter.h */ = {isa = PBXFileReference; fileEncoding = 4; lastKnownFileType = sourcecode.c.h; name = NZNotificationCenter.h; path = Common/NZNotificationCenter.h; sourceTree = "<group>"; };
		85508306178ACBC1007BACB3 /* NZNotificationCenter.m */ = {isa = PBXFileReference; fileEncoding = 4; lastKnownFileType = sourcecode.c.objc; name = NZNotificationCenter.m; path = Common/NZNotificationCenter.m; sourceTree = "<group>"; };
		85556301178BFF7B007DB8C7 /* Feed.h */ = {isa = PBXFileReference; fileEncoding = 4; lastKnownFileType = sourcecode.c.h; name = Feed.h; path = Data/Feed.h; sourceTree = "<group>"; };
		85556302178BFF7B007DB8C7 /* Feed.m */ = {isa = PBXFileReference; fileEncoding = 4; lastKnownFileType = sourcecode.c.objc; name = Feed.m; path = Data/Feed.m; sourceTree = "<group>"; };
		85556304178BFF7C007DB8C7 /* Comments.h */ = {isa = PBXFileReference; fileEncoding = 4; lastKnownFileType = sourcecode.c.h; name = Comments.h; path = Data/Comments.h; sourceTree = "<group>"; };
		85556305178BFF7C007DB8C7 /* Comments.m */ = {isa = PBXFileReference; fileEncoding = 4; lastKnownFileType = sourcecode.c.objc; name = Comments.m; path = Data/Comments.m; sourceTree = "<group>"; };
		85556307178BFF7C007DB8C7 /* User.h */ = {isa = PBXFileReference; fileEncoding = 4; lastKnownFileType = sourcecode.c.h; name = User.h; path = Data/User.h; sourceTree = "<group>"; };
		85556308178BFF7C007DB8C7 /* User.m */ = {isa = PBXFileReference; fileEncoding = 4; lastKnownFileType = sourcecode.c.objc; name = User.m; path = Data/User.m; sourceTree = "<group>"; };
		858EE5EA177A92F4000FF384 /* WeiboViewController.h */ = {isa = PBXFileReference; fileEncoding = 4; lastKnownFileType = sourcecode.c.h; name = WeiboViewController.h; path = UI/WeiboViewController.h; sourceTree = "<group>"; };
		858EE5EB177A92F4000FF384 /* WeiboViewController.m */ = {isa = PBXFileReference; fileEncoding = 4; lastKnownFileType = sourcecode.c.objc; name = WeiboViewController.m; path = UI/WeiboViewController.m; sourceTree = "<group>"; };
		858EE5ED177AAECA000FF384 /* WeChatViewController.h */ = {isa = PBXFileReference; fileEncoding = 4; lastKnownFileType = sourcecode.c.h; name = WeChatViewController.h; path = UI/WeChatViewController.h; sourceTree = "<group>"; };
		858EE5EE177AAECA000FF384 /* WeChatViewController.m */ = {isa = PBXFileReference; fileEncoding = 4; lastKnownFileType = sourcecode.c.objc; name = WeChatViewController.m; path = UI/WeChatViewController.m; sourceTree = "<group>"; };
		85DA829F178BB21D00FCD1A2 /* LocalModel.xcdatamodel */ = {isa = PBXFileReference; lastKnownFileType = wrapper.xcdatamodel; path = LocalModel.xcdatamodel; sourceTree = "<group>"; };
		85DA82A6178BB9DB00FCD1A2 /* BasicViewController.h */ = {isa = PBXFileReference; fileEncoding = 4; lastKnownFileType = sourcecode.c.h; name = BasicViewController.h; path = UI/Basic/BasicViewController.h; sourceTree = "<group>"; };
		85DA82A7178BB9DB00FCD1A2 /* BasicViewController.m */ = {isa = PBXFileReference; fileEncoding = 4; lastKnownFileType = sourcecode.c.objc; name = BasicViewController.m; path = UI/Basic/BasicViewController.m; sourceTree = "<group>"; };
		85DA82BB178BD80900FCD1A2 /* DataController.h */ = {isa = PBXFileReference; fileEncoding = 4; lastKnownFileType = sourcecode.c.h; name = DataController.h; path = Data/DataController.h; sourceTree = "<group>"; };
		85DA82BC178BD80900FCD1A2 /* DataController.m */ = {isa = PBXFileReference; fileEncoding = 4; lastKnownFileType = sourcecode.c.objc; name = DataController.m; path = Data/DataController.m; sourceTree = "<group>"; };
		85DA82BE178BDB2C00FCD1A2 /* CoreData.framework */ = {isa = PBXFileReference; lastKnownFileType = wrapper.framework; name = CoreData.framework; path = System/Library/Frameworks/CoreData.framework; sourceTree = SDKROOT; };
		85DF3F6E177D8FA700DC0A7B /* RenrenNewsCell.h */ = {isa = PBXFileReference; fileEncoding = 4; lastKnownFileType = sourcecode.c.h; name = RenrenNewsCell.h; path = SNSCache/RenrenNewsCell.h; sourceTree = "<group>"; };
		85DF3F6F177D8FA700DC0A7B /* RenrenNewsCell.m */ = {isa = PBXFileReference; fileEncoding = 4; lastKnownFileType = sourcecode.c.objc; name = RenrenNewsCell.m; path = SNSCache/RenrenNewsCell.m; sourceTree = "<group>"; };
		85DF3F72177D980100DC0A7B /* WeiboNewsCell.h */ = {isa = PBXFileReference; fileEncoding = 4; lastKnownFileType = sourcecode.c.h; name = WeiboNewsCell.h; path = SNSCache/WeiboNewsCell.h; sourceTree = "<group>"; };
		85DF3F73177D980100DC0A7B /* WeiboNewsCell.m */ = {isa = PBXFileReference; fileEncoding = 4; lastKnownFileType = sourcecode.c.objc; name = WeiboNewsCell.m; path = SNSCache/WeiboNewsCell.m; sourceTree = "<group>"; };
		85EB0CD8178128800023291C /* RenrenCell.h */ = {isa = PBXFileReference; fileEncoding = 4; lastKnownFileType = sourcecode.c.h; name = RenrenCell.h; path = UI/Cell/RenrenCell.h; sourceTree = "<group>"; };
		85EB0CD9178128800023291C /* RenrenCell.m */ = {isa = PBXFileReference; fileEncoding = 4; lastKnownFileType = sourcecode.c.objc; name = RenrenCell.m; path = UI/Cell/RenrenCell.m; sourceTree = "<group>"; };
		85FC7D1F178D4E4A0069621C /* QuartzCore.framework */ = {isa = PBXFileReference; lastKnownFileType = wrapper.framework; name = QuartzCore.framework; path = System/Library/Frameworks/QuartzCore.framework; sourceTree = SDKROOT; };
		85FC7D22178D5B960069621C /* DetailInfoViewController.h */ = {isa = PBXFileReference; fileEncoding = 4; lastKnownFileType = sourcecode.c.h; name = DetailInfoViewController.h; path = UI/DetailInfoViewController.h; sourceTree = "<group>"; };
		85FC7D23178D5B960069621C /* DetailInfoViewController.m */ = {isa = PBXFileReference; fileEncoding = 4; lastKnownFileType = sourcecode.c.objc; name = DetailInfoViewController.m; path = UI/DetailInfoViewController.m; sourceTree = "<group>"; };
		85FC7D29178D67E80069621C /* SNSNewsCellView.h */ = {isa = PBXFileReference; fileEncoding = 4; lastKnownFileType = sourcecode.c.h; name = SNSNewsCellView.h; path = UI/Cell/SNSNewsCellView.h; sourceTree = "<group>"; };
		85FC7D2A178D67E80069621C /* SNSNewsCellView.m */ = {isa = PBXFileReference; fileEncoding = 4; lastKnownFileType = sourcecode.c.objc; name = SNSNewsCellView.m; path = UI/Cell/SNSNewsCellView.m; sourceTree = "<group>"; };
		85FC7D2C178D681B0069621C /* NewsCacheElement.h */ = {isa = PBXFileReference; fileEncoding = 4; lastKnownFileType = sourcecode.c.h; name = NewsCacheElement.h; path = SNSCache/NewsCacheElement.h; sourceTree = "<group>"; };
		85FC7D2D178D681B0069621C /* NewsCacheElement.m */ = {isa = PBXFileReference; fileEncoding = 4; lastKnownFileType = sourcecode.c.objc; name = NewsCacheElement.m; path = SNSCache/NewsCacheElement.m; sourceTree = "<group>"; };
/* End PBXFileReference section */

/* Begin PBXFrameworksBuildPhase section */
		852C2BF8177977AC005C1121 /* Frameworks */ = {
			isa = PBXFrameworksBuildPhase;
			buildActionMask = 2147483647;
			files = (
				85FC7D21178D4E570069621C /* QuartzCore.framework in Frameworks */,
				85DA82C0178BDB5900FCD1A2 /* CoreData.framework in Frameworks */,
				852C2F6A17798092005C1121 /* libsqlite3.0.dylib in Frameworks */,
				852C2BFF177977AC005C1121 /* UIKit.framework in Frameworks */,
				852C2C01177977AC005C1121 /* Foundation.framework in Frameworks */,
				852C2C03177977AC005C1121 /* CoreGraphics.framework in Frameworks */,
				852C2F82177983B9005C1121 /* libWeChatSDK.a in Frameworks */,
				852C2F83177983B9005C1121 /* libWeChatSDK_armv7_armv7s.a in Frameworks */,
				8547A353178A5E0800D0C616 /* RennSDK.framework in Frameworks */,
			);
			runOnlyForDeploymentPostprocessing = 0;
		};
/* End PBXFrameworksBuildPhase section */

/* Begin PBXGroup section */
		85122912178D0F110013B6C8 /* UIItem */ = {
			isa = PBXGroup;
			children = (
			);
			name = UIItem;
			sourceTree = "<group>";
		};
		852C2BF2177977AC005C1121 = {
			isa = PBXGroup;
			children = (
				852C2C04177977AC005C1121 /* SNSBigBang */,
				852C2BFD177977AC005C1121 /* Frameworks */,
				852C2BFC177977AC005C1121 /* Products */,
			);
			sourceTree = "<group>";
		};
		852C2BFC177977AC005C1121 /* Products */ = {
			isa = PBXGroup;
			children = (
				852C2BFB177977AC005C1121 /* SNSBigBang.app */,
			);
			name = Products;
			sourceTree = "<group>";
		};
		852C2BFD177977AC005C1121 /* Frameworks */ = {
			isa = PBXGroup;
			children = (
				85FC7D1F178D4E4A0069621C /* QuartzCore.framework */,
				85DA82BE178BDB2C00FCD1A2 /* CoreData.framework */,
				852C2F6917798092005C1121 /* libsqlite3.0.dylib */,
				852C2BFE177977AC005C1121 /* UIKit.framework */,
				852C2C00177977AC005C1121 /* Foundation.framework */,
				852C2C02177977AC005C1121 /* CoreGraphics.framework */,
			);
			name = Frameworks;
			sourceTree = "<group>";
		};
		852C2C04177977AC005C1121 /* SNSBigBang */ = {
			isa = PBXGroup;
			children = (
				85DA829D178BB1F800FCD1A2 /* Data */,
				855082F7178A92BF007BACB3 /* Common */,
				852C2DC617797D72005C1121 /* SNSLibrary */,
				852C2F8817799AC4005C1121 /* UI */,
				8547A34D178A576700D0C616 /* Main */,
				852C2C16177977AC005C1121 /* MainStoryboard.storyboard */,
				852C2C05177977AC005C1121 /* Supporting Files */,
			);
			path = SNSBigBang;
			sourceTree = "<group>";
		};
		852C2C05177977AC005C1121 /* Supporting Files */ = {
			isa = PBXGroup;
			children = (
				852C2C06177977AC005C1121 /* SNSBigBang-Info.plist */,
				852C2C07177977AC005C1121 /* InfoPlist.strings */,
				852C2C0A177977AC005C1121 /* main.m */,
				852C2C0C177977AC005C1121 /* SNSBigBang-Prefix.pch */,
				852C2C10177977AC005C1121 /* Default.png */,
				852C2C12177977AC005C1121 /* Default@2x.png */,
				852C2C14177977AC005C1121 /* Default-568h@2x.png */,
			);
			name = "Supporting Files";
			sourceTree = "<group>";
		};
		852C2DC617797D72005C1121 /* SNSLibrary */ = {
			isa = PBXGroup;
			children = (
				85DF3F6D177D8F6300DC0A7B /* SNSCache */,
				852C2F7D177983B9005C1121 /* WeiXin */,
				852C2F6B17798227005C1121 /* Weibo */,
				852C2E9817797FFC005C1121 /* RenRen */,
				852C2F8417799203005C1121 /* SNSUtility.h */,
				852C2F8517799204005C1121 /* SNSUtility.m */,
			);
			path = SNSLibrary;
			sourceTree = "<group>";
		};
		852C2E9817797FFC005C1121 /* RenRen */ = {
			isa = PBXGroup;
			children = (
				8547A351178A5E0800D0C616 /* RennSDK.framework */,
				8547A352178A5E0800D0C616 /* RennSDK.bundle */,
			);
			path = RenRen;
			sourceTree = "<group>";
		};
		852C2F6B17798227005C1121 /* Weibo */ = {
			isa = PBXGroup;
			children = (
				852C2F6C17798227005C1121 /* JSONKit */,
				852C2F6F17798227005C1121 /* SinaWeibo */,
			);
			path = Weibo;
			sourceTree = "<group>";
		};
		852C2F6C17798227005C1121 /* JSONKit */ = {
			isa = PBXGroup;
			children = (
				852C2F6D17798227005C1121 /* JSONKit.h */,
				852C2F6E17798227005C1121 /* JSONKit.m */,
			);
			path = JSONKit;
			sourceTree = "<group>";
		};
		852C2F6F17798227005C1121 /* SinaWeibo */ = {
			isa = PBXGroup;
			children = (
				852C2F7017798227005C1121 /* SinaWeibo.bundle */,
				852C2F7117798227005C1121 /* SinaWeibo.h */,
				852C2F7217798227005C1121 /* SinaWeibo.m */,
				852C2F7317798227005C1121 /* SinaWeiboAuthorizeView.h */,
				852C2F7417798227005C1121 /* SinaWeiboAuthorizeView.m */,
				852C2F7517798227005C1121 /* SinaWeiboConstants.h */,
				852C2F7617798227005C1121 /* SinaWeiboRequest.h */,
				852C2F7717798227005C1121 /* SinaWeiboRequest.m */,
			);
			path = SinaWeibo;
			sourceTree = "<group>";
		};
		852C2F7D177983B9005C1121 /* WeiXin */ = {
			isa = PBXGroup;
			children = (
				852C2F7E177983B9005C1121 /* libWeChatSDK.a */,
				852C2F7F177983B9005C1121 /* libWeChatSDK_armv7_armv7s.a */,
				852C2F80177983B9005C1121 /* WXApi.h */,
				852C2F81177983B9005C1121 /* WXApiObject.h */,
			);
			path = WeiXin;
			sourceTree = "<group>";
		};
		852C2F8817799AC4005C1121 /* UI */ = {
			isa = PBXGroup;
			children = (
				85122912178D0F110013B6C8 /* UIItem */,
				85DA82A5178BB9A900FCD1A2 /* Basic */,
				85EB0CD41781281B0023291C /* Cell */,
				852C2F8917799B00005C1121 /* RenrenViewController.h */,
				852C2F8A17799B00005C1121 /* RenrenViewController.m */,
				858EE5EA177A92F4000FF384 /* WeiboViewController.h */,
				858EE5EB177A92F4000FF384 /* WeiboViewController.m */,
				858EE5ED177AAECA000FF384 /* WeChatViewController.h */,
				858EE5EE177AAECA000FF384 /* WeChatViewController.m */,
				85FC7D22178D5B960069621C /* DetailInfoViewController.h */,
				85FC7D23178D5B960069621C /* DetailInfoViewController.m */,
			);
			name = UI;
			sourceTree = "<group>";
		};
		8547A34D178A576700D0C616 /* Main */ = {
			isa = PBXGroup;
			children = (
				852C2C0D177977AC005C1121 /* AppDelegate.h */,
				852C2C0E177977AC005C1121 /* AppDelegate.m */,
				8547A34E178A579400D0C616 /* MainViewController.h */,
				8547A34F178A579400D0C616 /* MainViewController.m */,
			);
			name = Main;
			sourceTree = "<group>";
		};
		855082F7178A92BF007BACB3 /* Common */ = {
			isa = PBXGroup;
			children = (
				85508305178ACBC1007BACB3 /* NZNotificationCenter.h */,
				85508306178ACBC1007BACB3 /* NZNotificationCenter.m */,
				855082FB178A93EE007BACB3 /* FileManager.h */,
				855082FC178A93EE007BACB3 /* FileManager.m */,
				855082FE178A9A8E007BACB3 /* Config.h */,
				855082FF178A9DB6007BACB3 /* HttpManager.h */,
				85508300178A9DB6007BACB3 /* HttpManager.m */,
				85508302178AA530007BACB3 /* HttpRequest.h */,
				85508303178AA530007BACB3 /* HttpRequest.m */,
			);
			name = Common;
			sourceTree = "<group>";
		};
		85DA829D178BB1F800FCD1A2 /* Data */ = {
			isa = PBXGroup;
			children = (
				85556307178BFF7C007DB8C7 /* User.h */,
				85556308178BFF7C007DB8C7 /* User.m */,
				85556304178BFF7C007DB8C7 /* Comments.h */,
				85556305178BFF7C007DB8C7 /* Comments.m */,
				85556301178BFF7B007DB8C7 /* Feed.h */,
				85556302178BFF7B007DB8C7 /* Feed.m */,
				85DA829E178BB21D00FCD1A2 /* LocalModel.xcdatamodeld */,
				85DA82BB178BD80900FCD1A2 /* DataController.h */,
				85DA82BC178BD80900FCD1A2 /* DataController.m */,
			);
			name = Data;
			sourceTree = "<group>";
		};
		85DA82A5178BB9A900FCD1A2 /* Basic */ = {
			isa = PBXGroup;
			children = (
				85DA82A6178BB9DB00FCD1A2 /* BasicViewController.h */,
				85DA82A7178BB9DB00FCD1A2 /* BasicViewController.m */,
			);
			name = Basic;
			sourceTree = "<group>";
		};
		85DF3F6D177D8F6300DC0A7B /* SNSCache */ = {
			isa = PBXGroup;
			children = (
				85DF3F6E177D8FA700DC0A7B /* RenrenNewsCell.h */,
				85DF3F6F177D8FA700DC0A7B /* RenrenNewsCell.m */,
				85DF3F72177D980100DC0A7B /* WeiboNewsCell.h */,
				85DF3F73177D980100DC0A7B /* WeiboNewsCell.m */,
				85FC7D2C178D681B0069621C /* NewsCacheElement.h */,
				85FC7D2D178D681B0069621C /* NewsCacheElement.m */,
			);
			name = SNSCache;
			sourceTree = "<group>";
		};
		85EB0CD41781281B0023291C /* Cell */ = {
			isa = PBXGroup;
			children = (
				85EB0CD8178128800023291C /* RenrenCell.h */,
				85EB0CD9178128800023291C /* RenrenCell.m */,
				850328791786B26C00C3774C /* WeiboCell.h */,
				8503287A1786B26C00C3774C /* WeiboCell.m */,
				85122910178D06ED0013B6C8 /* SNSCellDelegate.h */,
				85FC7D29178D67E80069621C /* SNSNewsCellView.h */,
				85FC7D2A178D67E80069621C /* SNSNewsCellView.m */,
			);
			name = Cell;
			sourceTree = "<group>";
		};
/* End PBXGroup section */

/* Begin PBXNativeTarget section */
		852C2BFA177977AC005C1121 /* SNSBigBang */ = {
			isa = PBXNativeTarget;
			buildConfigurationList = 852C2C1E177977AC005C1121 /* Build configuration list for PBXNativeTarget "SNSBigBang" */;
			buildPhases = (
				852C2BF7177977AC005C1121 /* Sources */,
				852C2BF8177977AC005C1121 /* Frameworks */,
				852C2BF9177977AC005C1121 /* Resources */,
			);
			buildRules = (
			);
			dependencies = (
			);
			name = SNSBigBang;
			productName = SNSBigBang;
			productReference = 852C2BFB177977AC005C1121 /* SNSBigBang.app */;
			productType = "com.apple.product-type.application";
		};
/* End PBXNativeTarget section */

/* Begin PBXProject section */
		852C2BF3177977AC005C1121 /* Project object */ = {
			isa = PBXProject;
			attributes = {
				LastUpgradeCheck = 0460;
				ORGANIZATIONNAME = "張 寧";
			};
			buildConfigurationList = 852C2BF6177977AC005C1121 /* Build configuration list for PBXProject "SNSBigBang" */;
			compatibilityVersion = "Xcode 3.2";
			developmentRegion = English;
			hasScannedForEncodings = 0;
			knownRegions = (
				en,
			);
			mainGroup = 852C2BF2177977AC005C1121;
			productRefGroup = 852C2BFC177977AC005C1121 /* Products */;
			projectDirPath = "";
			projectRoot = "";
			targets = (
				852C2BFA177977AC005C1121 /* SNSBigBang */,
			);
		};
/* End PBXProject section */

/* Begin PBXResourcesBuildPhase section */
		852C2BF9177977AC005C1121 /* Resources */ = {
			isa = PBXResourcesBuildPhase;
			buildActionMask = 2147483647;
			files = (
				852C2C09177977AC005C1121 /* InfoPlist.strings in Resources */,
				852C2C11177977AC005C1121 /* Default.png in Resources */,
				852C2C13177977AC005C1121 /* Default@2x.png in Resources */,
				852C2C15177977AC005C1121 /* Default-568h@2x.png in Resources */,
				852C2C18177977AC005C1121 /* MainStoryboard.storyboard in Resources */,
				852C2F7917798227005C1121 /* SinaWeibo.bundle in Resources */,
				8547A354178A5E0800D0C616 /* RennSDK.bundle in Resources */,
			);
			runOnlyForDeploymentPostprocessing = 0;
		};
/* End PBXResourcesBuildPhase section */

/* Begin PBXSourcesBuildPhase section */
		852C2BF7177977AC005C1121 /* Sources */ = {
			isa = PBXSourcesBuildPhase;
			buildActionMask = 2147483647;
			files = (
				852C2C0B177977AC005C1121 /* main.m in Sources */,
				852C2C0F177977AC005C1121 /* AppDelegate.m in Sources */,
				852C2F7817798227005C1121 /* JSONKit.m in Sources */,
				852C2F7A17798227005C1121 /* SinaWeibo.m in Sources */,
				852C2F7B17798227005C1121 /* SinaWeiboAuthorizeView.m in Sources */,
				852C2F7C17798227005C1121 /* SinaWeiboRequest.m in Sources */,
				852C2F8617799206005C1121 /* SNSUtility.m in Sources */,
				852C2F8B17799B00005C1121 /* RenrenViewController.m in Sources */,
				858EE5EC177A92F4000FF384 /* WeiboViewController.m in Sources */,
				858EE5EF177AAECB000FF384 /* WeChatViewController.m in Sources */,
				85DF3F70177D8FA700DC0A7B /* RenrenNewsCell.m in Sources */,
				85DF3F74177D980100DC0A7B /* WeiboNewsCell.m in Sources */,
				85EB0CDA178128800023291C /* RenrenCell.m in Sources */,
				8503287B1786B26C00C3774C /* WeiboCell.m in Sources */,
				8547A350178A579400D0C616 /* MainViewController.m in Sources */,
				855082FD178A93EE007BACB3 /* FileManager.m in Sources */,
				85508301178A9DB6007BACB3 /* HttpManager.m in Sources */,
				85508304178AA530007BACB3 /* HttpRequest.m in Sources */,
				85508307178ACBC1007BACB3 /* NZNotificationCenter.m in Sources */,
				85DA82A0178BB21D00FCD1A2 /* LocalModel.xcdatamodeld in Sources */,
				85DA82A8178BB9DB00FCD1A2 /* BasicViewController.m in Sources */,
				85DA82BD178BD80900FCD1A2 /* DataController.m in Sources */,
				85556303178BFF7B007DB8C7 /* Feed.m in Sources */,
				85556306178BFF7C007DB8C7 /* Comments.m in Sources */,
				85556309178BFF7C007DB8C7 /* User.m in Sources */,
				85FC7D24178D5B960069621C /* DetailInfoViewController.m in Sources */,
				85FC7D2B178D67E90069621C /* SNSNewsCellView.m in Sources */,
				85FC7D2E178D681C0069621C /* NewsCacheElement.m in Sources */,
			);
			runOnlyForDeploymentPostprocessing = 0;
		};
/* End PBXSourcesBuildPhase section */

/* Begin PBXVariantGroup section */
		852C2C07177977AC005C1121 /* InfoPlist.strings */ = {
			isa = PBXVariantGroup;
			children = (
				852C2C08177977AC005C1121 /* en */,
			);
			name = InfoPlist.strings;
			sourceTree = "<group>";
		};
		852C2C16177977AC005C1121 /* MainStoryboard.storyboard */ = {
			isa = PBXVariantGroup;
			children = (
				852C2C17177977AC005C1121 /* en */,
			);
			name = MainStoryboard.storyboard;
			sourceTree = "<group>";
		};
/* End PBXVariantGroup section */

/* Begin XCBuildConfiguration section */
		852C2C1C177977AC005C1121 /* Debug */ = {
			isa = XCBuildConfiguration;
			buildSettings = {
				ALWAYS_SEARCH_USER_PATHS = NO;
				CLANG_CXX_LANGUAGE_STANDARD = "gnu++0x";
				CLANG_CXX_LIBRARY = "libc++";
				CLANG_ENABLE_OBJC_ARC = YES;
				CLANG_WARN_CONSTANT_CONVERSION = YES;
				CLANG_WARN_EMPTY_BODY = YES;
				CLANG_WARN_ENUM_CONVERSION = YES;
				CLANG_WARN_INT_CONVERSION = YES;
				CLANG_WARN__DUPLICATE_METHOD_MATCH = YES;
				"CODE_SIGN_IDENTITY[sdk=iphoneos*]" = "iPhone Developer";
				COPY_PHASE_STRIP = NO;
				GCC_C_LANGUAGE_STANDARD = gnu99;
				GCC_DYNAMIC_NO_PIC = NO;
				GCC_OPTIMIZATION_LEVEL = 0;
				GCC_PREPROCESSOR_DEFINITIONS = (
					"DEBUG=1",
					"$(inherited)",
				);
				GCC_SYMBOLS_PRIVATE_EXTERN = NO;
				GCC_WARN_ABOUT_RETURN_TYPE = YES;
				GCC_WARN_UNINITIALIZED_AUTOS = YES;
				GCC_WARN_UNUSED_VARIABLE = YES;
				IPHONEOS_DEPLOYMENT_TARGET = 6.1;
				ONLY_ACTIVE_ARCH = YES;
				SDKROOT = iphoneos;
			};
			name = Debug;
		};
		852C2C1D177977AC005C1121 /* Release */ = {
			isa = XCBuildConfiguration;
			buildSettings = {
				ALWAYS_SEARCH_USER_PATHS = NO;
				CLANG_CXX_LANGUAGE_STANDARD = "gnu++0x";
				CLANG_CXX_LIBRARY = "libc++";
				CLANG_ENABLE_OBJC_ARC = YES;
				CLANG_WARN_CONSTANT_CONVERSION = YES;
				CLANG_WARN_EMPTY_BODY = YES;
				CLANG_WARN_ENUM_CONVERSION = YES;
				CLANG_WARN_INT_CONVERSION = YES;
				CLANG_WARN__DUPLICATE_METHOD_MATCH = YES;
				"CODE_SIGN_IDENTITY[sdk=iphoneos*]" = "iPhone Developer";
				COPY_PHASE_STRIP = YES;
				GCC_C_LANGUAGE_STANDARD = gnu99;
				GCC_WARN_ABOUT_RETURN_TYPE = YES;
				GCC_WARN_UNINITIALIZED_AUTOS = YES;
				GCC_WARN_UNUSED_VARIABLE = YES;
				IPHONEOS_DEPLOYMENT_TARGET = 6.1;
				OTHER_CFLAGS = "-DNS_BLOCK_ASSERTIONS=1";
				SDKROOT = iphoneos;
				VALIDATE_PRODUCT = YES;
			};
			name = Release;
		};
		852C2C1F177977AC005C1121 /* Debug */ = {
			isa = XCBuildConfiguration;
			buildSettings = {
				CLANG_ENABLE_OBJC_ARC = YES;
				FRAMEWORK_SEARCH_PATHS = (
					"$(inherited)",
					"\"$(SRCROOT)/SNSBigBang/SNSLibrary/RenRen\"",
				);
				GCC_PRECOMPILE_PREFIX_HEADER = YES;
				GCC_PREFIX_HEADER = "SNSBigBang/SNSBigBang-Prefix.pch";
				INFOPLIST_FILE = "SNSBigBang/SNSBigBang-Info.plist";
				LIBRARY_SEARCH_PATHS = (
					"$(inherited)",
					"\"$(SRCROOT)/SNSBigBang/SNSLibrary/WeiXin\"",
				);
				PRODUCT_NAME = "$(TARGET_NAME)";
				WRAPPER_EXTENSION = app;
			};
			name = Debug;
		};
		852C2C20177977AC005C1121 /* Release */ = {
			isa = XCBuildConfiguration;
			buildSettings = {
				CLANG_ENABLE_OBJC_ARC = YES;
				FRAMEWORK_SEARCH_PATHS = (
					"$(inherited)",
					"\"$(SRCROOT)/SNSBigBang/SNSLibrary/RenRen\"",
				);
				GCC_PRECOMPILE_PREFIX_HEADER = YES;
				GCC_PREFIX_HEADER = "SNSBigBang/SNSBigBang-Prefix.pch";
				INFOPLIST_FILE = "SNSBigBang/SNSBigBang-Info.plist";
				LIBRARY_SEARCH_PATHS = (
					"$(inherited)",
					"\"$(SRCROOT)/SNSBigBang/SNSLibrary/WeiXin\"",
				);
				PRODUCT_NAME = "$(TARGET_NAME)";
				WRAPPER_EXTENSION = app;
			};
			name = Release;
		};
/* End XCBuildConfiguration section */

/* Begin XCConfigurationList section */
		852C2BF6177977AC005C1121 /* Build configuration list for PBXProject "SNSBigBang" */ = {
			isa = XCConfigurationList;
			buildConfigurations = (
				852C2C1C177977AC005C1121 /* Debug */,
				852C2C1D177977AC005C1121 /* Release */,
			);
			defaultConfigurationIsVisible = 0;
			defaultConfigurationName = Release;
		};
		852C2C1E177977AC005C1121 /* Build configuration list for PBXNativeTarget "SNSBigBang" */ = {
			isa = XCConfigurationList;
			buildConfigurations = (
				852C2C1F177977AC005C1121 /* Debug */,
				852C2C20177977AC005C1121 /* Release */,
			);
			defaultConfigurationIsVisible = 0;
			defaultConfigurationName = Release;
		};
/* End XCConfigurationList section */

/* Begin XCVersionGroup section */
		85DA829E178BB21D00FCD1A2 /* LocalModel.xcdatamodeld */ = {
			isa = XCVersionGroup;
			children = (
				85DA829F178BB21D00FCD1A2 /* LocalModel.xcdatamodel */,
			);
			currentVersion = 85DA829F178BB21D00FCD1A2 /* LocalModel.xcdatamodel */;
			name = LocalModel.xcdatamodeld;
			path = Data/LocalModel.xcdatamodeld;
			sourceTree = "<group>";
			versionGroupType = wrapper.xcdatamodel;
		};
/* End XCVersionGroup section */
	};
	rootObject = 852C2BF3177977AC005C1121 /* Project object */;
}
